<?xml version="1.0"?>
<CONFIG>
  <ProjectOptions>
    <PathDelim Value="\"/>
    <Version Value="6"/>
    <General>
      <Flags>
        <SaveClosedFiles Value="False"/>
        <MainUnitHasUsesSectionForAllUnits Value="False"/>
      </Flags>
      <SessionStorage Value="InProjectDir"/>
      <MainUnit Value="0"/>
      <TargetFileExt Value=""/>
      <Title Value="Double Commander"/>
      <Icon Value="AAABAAMAICAAAAEAIACoEAAANgAAADAwAAABACAAqCUAAN4QAABAQAAAAQAgAChCAACGNgAAKAAAACAAAABAAAAAAQAgAAAAAAAAAAAAAAAAAAAAAAAAAAAAAAAAAAAAAAAAAAAAAAAAAAAAAAAAAAAAAAAAAAAAAAAAAAAAAAAAAAAAAAAAAAAAAAAAALVhWAOzYVgbtWJYOrViWE6zYVgwAAAAAAAAAAAAAAAAAAAAAAAAAAAAAAAAAAAAAAAAAAAAAAAAAAAAAAAAAAAAAAAAAAAAAAAAAAAAAAAAAAAAAAAAAAAAAAAAAAAAAAAAAAAAAAAAAAAAAAAAAAAAAAAAAAAAALNhWAK0YlgpoVdYY3I9VYSFSFWkpFlXvrNhWGazYVgUs2FYJLNhWBKzYVgBAAAAAAAAAAAAAAAAAAAAAAAAAAAAAAAAAAAAAAAAAAAAAAAAAAAAAAAAAAAAAAAAAAAAAAAAAAAAAAAAAAAAAAAAAAAAAAAAAAAAAAAAAACzYVgSrl5YZHlBWY6LS1jMbjtW+kwqU/93QVP9lFBWpIJGVpCVUVigi0tZhoJGWmSuXlhPs2FYMbNhWBSyYFcAAAAAAAAAAAAAAAAAAAAAAAAAAAAAAAAAAAAAAAAAAAAAAAAAAAAAAAAAAAAAAAAAAAAAAAAAAAC1YlkBs2FYNYhKWHuXUlnCeEFa+xwPXP8AAFb/CARS/4lKVf9xPlP8USxU/VMtV/9yPlr6cz9b5IBFW8iESFqoh0lahqtcWEuzYVgUAAAAAAAAAAAAAAAAAAAAAAAAAAAAAAAAAAAAAAAAAAAAAAAAAAAAALNhWA6zYVhOtGJZCrRhWESNTFiTl1JY4zYdW/8EAl7/AABf/wAAXP82HVj/RydU/wAAUP8AAFT/AABa/wAAXv8CAWD/Dghi/z0hXf93QVryekJZsoRHWYWuX1hOs2FYBwAAAAAAAAAAAAAAAAAAAAAAAAAAAAAAAAAAAACsXVUAtWJYTqhbV6GzYVjHhklYlIpLWPIYDVn/AABe/wAAY/8AAGX/AABh/2s6W/8eEFn/AABZ/wAAW/8AAF7/AABj/wAAZP8AAGP/AABg/wMCXf9PK1r/oVhZ8bNhWG6zYVgIAAAAAAAAAAAAAAAAAAAAAAAAAAAAAAAAAAAAALRhWBKDR1R8llFW6ZlTVviKS1fzEQlZ/wAAXv8AAGD/AABk/wAAZf8BAGT/e0Jb/wwGYf8AAGH/AABi/wAAY/8AAGP/AABl/wIBZv9MKV//ikta/6pcWPGqXFiytGFYNKpcVAAAAAAAAAAAAAAAAAAAAAAAAAAAAAAAAAAAAAAAs2FYTIFGVKtFJVD+XDJT/ygWVv8AAFr/AABh/wAAZP8AAGf/AABn/wUCZ/+DR1z/AABo/wAAaf8AAGf/AABm/wAAZf8UCmT/cz5e/1kwYP8LBmH/Nh1a/5RQWOiWUViUtGJYOwAAAAAAAAAAAAAAAAAAAAAAAAAAAAAAALRhWBSFSFZ6l1JW6g4ITv8QCVP/aDhY/wQCYP8AAGT/AABn/wAAa/8AAGv/BQJs/4RHXv8AAG3/AABs/wAAZ/8AAGX/IhJh/4JGW/8iEmX/AABq/wAAY/8AAFv/DwhY/4lKV/SRTleUtWFYPAAAAAAAAAAAAAAAAAAAAAAAAAAAtWJYO4BFVqJQK1P/AABR/wAAVP9LKVf/PSFf/wAAZv8AAGz/AABv/wAAbv8FAnD/hEde/wAAbP8AAGj/AABk/wwHYv+LTFr/Egph/wAAZv8AAGb/AABi/wAAXP8AAFj/EAhU/4pKV/OHSVaNs2FYKAAAAAAAAAAAAAAAAAAAAAC0YVhQlVFXwCcVU/8AAFT/AABW/wIBWv96Qlv/IhJm/wAAbf8AAHD/AABu/wIBcP+ESF7/DQdr/wAAZP8GA2D/fURb/yoXXv8AAGL/AABj/wAAY/8AAF7/AABc/wAAWv8AAFX/EgpR/4hJVdqOTlZutGFYCwAAAAAAAAAAAAAAAKlbV2iWUVfdEAhQ/wAAUf8AAFb/AABc/wwHYv9yPl7/IhJp/wAAbv8AAGz/AABv/247Yf8wGmb/AABm/2A0Xf80HF//AABi/wAAYv8AAF//AABf/wAAXP8AAFr/AABZ/wAAVv8AAFD/QiRR/4RHVKuxYFg+AAAAAAAAAAAAAAAAqFtXaJRQVuAEAlD/AABS/wAAVv8AAFv/AABg/wwHY/90Pl7/Kxdp/wAAbP8AAGz/QCNm/0gnZf8aDmr/gUZd/wIBaP8AAGT/AABi/wAAXf8AAFz/AABX/wAAVP8AAFL/AABR/wAATf8GA0z/eUFU3IJGVWy0YVgGAAAAAAAAAACoW1dolFBW4AQCT/8AAFL/AABW/wAAV/8AAFr/AABd/wIBYv9iNl7/USxi/wcEav8QCWv/eEFh/1AraP84Hmr/BAJu/yISZv8sGGD/Vi5c/1YvWv9WL1b/Vi9U/1YvUv8tGE//EwpM/wIBTv9PK1L+ekJUnLZjWDYAAAAAAAAAAKxdWGicVFfgDAdS/wAAVP8AAFT/AABV/wAAVv8AAFf/AABd/wIBYP86H1//fkRe/0YmZv94QWH/eUJi/2Q2Zf+JSl7/cj5f/2A0X/9QLFz/MhtY/zIbUv8yG0//OB5N/2g4U/+FSFX/hEhV/1IsUv+TUFbOqFtXYbRhWAyzYVgxtGFYoqdaV9gzHFT/AABT/wAAVP8AAFL/AABU/wAAVf8AAFb/AABa/wAAX/8OCGb/Sihm/5RQXf+0Ylj/fURh/yITbf8AAGz/AABn/wAAX/8AAFj/AABR/wAATP8AAEr/AABN/wAATP9pOVP/qlxY0bNhWKi0YVhUtGFYFJhSWHqYUlj0hEhX/4NHVv9dMlT/MBpS/w8IUv8OCFL/DghU/w4IV/8wGlr/Mxxe/1QtYP+PTVz/hEhe/51WXP9vPGL/dT9g/2Q2Yf8MBmP/AABd/wAAWv8AAFb/AABQ/wAATf8AAEr/AABL/zwgUv+mWli+tGFYQwAAAAAAAAAAn1ZYZYhKV8kbDlT/GQ5U/0EjU/9jNlT/ekJV/3pCVv96Qlj/ekJZ/3lCWv9WLl7/QCNg/xAJZv9cMmH/QiRo/3ZAYf8BAG//Lhlk/3lCWv8iE13/AABe/wAAW/8AAFb/AABO/wAAS/8AAEv/JhRQ/5pTV8C2YlhGAAAAAAAAAAC3Y1gqYDRVjFgwVPsAAFD/AABQ/wAAUv8AAFL/AABS/wAAWP8AAF7/AABh/wAAY/8AAGT/BwRk/3I+Xf8MBmj/dkBe/xIKaP8AAGL/DAdd/2I1Wv88IVr/AABb/wAAWv8AAFL/AABM/wAATf8mFFD/mlNXwLZiWEYAAAAAAAAAALJgWAOOTVZrhkhV1g8ITf8AAE7/AABS/wAAVP8AAFP/AABZ/wAAX/8AAGH/AABi/wAAY/9EJWH/Tytg/wAAZ/9gNF//Nx5g/wAAYP8AAFz/BAJa/2E0Wf9BJFv/AABd/wAAWP8AAFD/AABO/yoXT/+ZU1bAtmJYRgAAAAAAAAAAAAAAALRhWDZwPVOTZjdT+wAAS/8AAE7/AABQ/wAAUv8AAFb/AABc/wAAXv8AAF//KRZg/3ZAXv8CAWr/AABs/zkfZP9aMWD/AABk/wAAXP8AAFv/AABc/14zW/8/Ilr/AABX/wAAUv8AAE7/Uy1R/5JPVqW0Ylg3AAAAAAAAAAAAAAAAtGFYAp9WVlyESFS5TClO/wAAS/8AAE7/AABS/wAAVf8AAFf/AABZ/xkOWv+ESFv/DAdm/wAAbv8AAHH/FAps/3xEXf8AAGb/AABg/wAAX/8AAF7/BAJf/3I9Wv8SClb/AABQ/wAATf9rO1P9gkZVjrNhWCIAAAAAAAAAAAAAAAAAAAAAtGFYE55WVm+ST1XHSylP/gAATP8AAFD/AABU/wAAVv8WDFb/g0dY/yISXP8AAGT/AABs/wAAcf8OCG7/e0Nd/wAAZv8AAGT/AABg/wAAWv8AAF7/IRJc/2I1V/8AAE//Gg5O/49NVtyWUVZytGJZBAAAAAAAAAAAAAAAAAAAAAAAAAAAtGFYEp9WVm+TUFXGYTRT/AoGTv8FA0//SCdV/3tCVv8eEFT/AABX/wAAX/8AAGj/AABs/w4IaP97Q1z/AABh/wAAYf8AAF3/AABZ/wAAW/8AAFz/VS5Z/yITU/9gNFT+hkhVnLNhWDwAAAAAAAAAAAAAAAAAAAAAAAAAAAAAAAAAAAAAs2FYFKtdV2KZU1a5lVFW+ohKVf9aMVH/AgFQ/wAAU/8AAFj/AABd/wAAY/8AAGb/JRRi/2M2W/8AAFz/AABa/wAAWv8AAFn/AABZ/xEJWP+PTVj5dD5X/49OV9yMTFdzs2FYCAAAAAAAAAAAAAAAAAAAAAAAAAAAAAAAAAAAAACzYVgGs2FYjphTVf5DJEz/DQdG/wAASf8AAE3/AABR/wAAVP8AAFj/AABa/wAAXP86H1v/TytY/wAAWP8AAFb/AABW/wAAVv8SClX/iUtX8otLWJ60YVjxnVVYm7VhWD4AAAAAAAAAAAAAAAAAAAAAAAAAAAAAAAAAAAAAAAAAALRhWCKiWFZ1h0lTrHpCUtxDJE3+DwhL/wAATf8AAFD/AABS/wAAU/8AAFP/AABU/2Q2Vv8aDlX/AABX/wAAVv8CAVP/KhdT/5hSV+yESFeTs2FYRbRhWDuzYVhos2FYCgAAAAAAAAAAAAAAAAAAAAAAAAAAAAAAAAAAAAAAAAAAAAAAALNhWBKyYFhAeEFScoRHU6yHSVTPcz5T7VUuUfxAI1L/JxVQ/ykWT/9SLFL/ekJV/wIBT/8AAFL/DwhU/3I+Vv6HSVbIkE5XgLRiWD60YlkBs2FYALRhWAcAAAAAAAAAAAAAAAAAAAAAAAAAAAAAAAAAAAAAAAAAAAAAAAAAAAAAAAAAAAAAAACzYVgPs2FYPZxVVlx8Q1N4bzxThoxMVq2XUlbAfkVUqJ9XV8ZLKE//KBZM/1sxUf6KS1faf0VWm65eWGyzYVgaAAAAAAAAAAAAAAAAAAAAAAAAAAAAAAAAAAAAAAAAAAAAAAAAAAAAAAAAAAAAAAAAAAAAAAAAAAAAAAAAAAAAAAAAAAAAAAAAAAAAALNhWAazYVgXtWJYPbZiWEi2Y1gus2FYsptUVtyISVS8bjtTlJJPVnC0Ylg5s2FYCAAAAAAAAAAAAAAAAAAAAAAAAAAAAAAAAAAAAAAAAAAAAAAAAAAAAAAAAAAAAAAAAAAAAAAAAAAAAAAAAAAAAAAAAAAAAAAAAAAAAAAAAAAAAAAAAAAAAAAAAAAAAAAAALNhWAOzYVhbpFlWcbRhWFS2Y1gytGFYCAAAAAAAAAAAAAAAAAAAAAAAAAAAAAAAAAAAAAAAAAAAAAAAAAAAAAAAAAAAAAAAAAAAAAAAAAAAAAAAAAAAAAAAAAAAAAAAAAAAAAAAAAAAAAAAAAAAAAAAAAAAAAAAAAAAAAAAAAAAAAAAAAAAAAAAAAAAAAAAAAAAAAAAAAAAAAAAAAAAAAAAAAAAAAAAAAAAAAAAAAAAAAAAAAAAAAAAAAAAAAAAAAAAAAD///////j////gD///wAD//wAAP/gAAD/4AAA/8AAAH/AAAA/gAAAH4AAAB+AAAAPgAAAD4AAAAeAAAAHAAAABwAAAA8AAAAPAAAAD4AAAA+AAAAPwAAAD+AAAB/wAAAf+AAAP/AAAD/4AAH//gAD///AD////D////////////ygAAAAwAAAAYAAAAAEAIAAAAAAAAAAAAAAAAAAAAAAAAAAAAAAAAAAAAAAAAAAAAAAAAAAAAAAAAAAAAAAAAAAAAAAAAAAAAAAAAAAAAAAAAAAAAAAAAAAAAAAAAAAAAAAAAAAAAAAAAAAAAAAAAAC1YVgBtGFYBbNhWBG0YVgdtWJYNLRhWDmzYVgrs2FYBwAAAAAAAAAAAAAAAAAAAAAAAAAAAAAAAAAAAAAAAAAAAAAAAAAAAAAAAAAAAAAAAAAAAAAAAAAAAAAAAAAAAAAAAAAAAAAAAAAAAAAAAAAAAAAAAAAAAAAAAAAAAAAAAAAAAAAAAAAAAAAAAAAAAAAAAAAAAAAAAAAAAAAAAAAAAAAAAAAAAAAAAAAAAAAAAAAAAAAAAAAAAAAAALJhWAS0YVghsWBYQaZaWF6dVVduiEpVe6dbV36zYVhRs2FYDAAAAAAAAAAAAAAAAAAAAAAAAAAAAAAAAAAAAAAAAAAAAAAAAAAAAAAAAAAAAAAAAAAAAAAAAAAAAAAAAAAAAAAAAAAAAAAAAAAAAAAAAAAAAAAAAAAAAAAAAAAAAAAAAAAAAAAAAAAAAAAAAAAAAAAAAAAAAAAAAAAAAAAAAAAAAAAAAAAAAAAAAAAAAAAAAAAAAACzYVgCs2FYF7ViWESjWVhrcD1We1wyVI6GSVWzmlNWz69fWNyzYViks2FYJrNhWCazYVg3s2FYMrNhWBOzYVgDAAAAAAAAAAAAAAAAAAAAAAAAAAAAAAAAAAAAAAAAAAAAAAAAAAAAAAAAAAAAAAAAAAAAAAAAAAAAAAAAAAAAAAAAAAAAAAAAAAAAAAAAAAAAAAAAAAAAAAAAAAAAAAAAAAAAAAAAAAAAAAAAAAAAAAAAAAAAAAAArV1UALNhWA2yYFhPoFZZdYBFWYdzPlmsjUxY34VHVvp2QFX/WTFS/5JPVf6oW1e6kk9WgZlTV4ifVliOm1RYiZ9WWH2YU1lcolhZTrBgWDKzYVges2FYEbNhWAiyYFcAAAAAAAAAAAAAAAAAAAAAAAAAAAAAAAAAAAAAAAAAAAAAAAAAAAAAAAAAAAAAAAAAAAAAAAAAAAAAAAAAAAAAAAAAAAAAAAAAAAAAAAAAAAAAAAAAAAAAAAAAAAC1YVgDs2FYIadbWFWUUFmEjUxZrI1NWdR2QFn5RCVY/xMKVP8FA1H/MRtR/5pTVvycVVbPgEVVxItLVtmUUFfikU9Y2JVRWMF6Qlqie0NbmHQ/W4WKS1p0olhZXrRhWEu0YVgbtWJZAAAAAAAAAAAAAAAAAAAAAAAAAAAAAAAAAAAAAAAAAAAAAAAAAAAAAAAAAAAAAAAAAAAAAAAAAAAAAAAAAAAAAAAAAAAAAAAAAAAAAAAAAAAAAAAAALViWQKzYVhBqlxYamg5WYOUUVnInVVY9UwqW/4TClz/AwFa/wAAVv8FA1T/Uy1U/3dBVP9cMlL+OR9R/i0ZU/4uGVb/PiFZ/lsxWvxfNFvxhUhb65RQWd+OTVrAfkRaqHM+WoakWFlmtGJYO7RhWBkAAAAAAAAAAAAAAAAAAAAAAAAAAAAAAAAAAAAAAAAAAAAAAAAAAAAAAAAAAAAAAAAAAAAAAAAAAAAAAACzYVgEs2FYLLNhWDu0YlkHs2FYDLRhWEaaU1iCiEpYp5tUWOVaMVr+IBFc/wMCXv8AAF//AABe/wAAWv8YDVf/dT9X/zEaUv8AAE//AABR/wAAVP8AAFj/AABc/wAAXv8BAWD/BgNi/x0QYf9MKV3/gEVa/YpLWeNiNVqgeUFZippTWHqvYFhMs2FYE7NhWAIAAAAAAAAAAAAAAAAAAAAAAAAAAAAAAAAAAAAAAAAAAAAAAAAAAAAAAAAAAAAAAAC0YVgatGFYZ7RhWHq0YVhts2FYUZVRWHeKSli4kE5Y8VcvWP4GA13/AABg/wAAYf8AAGL/AABh/wAAXv8xGlv/eUJY/xgNVf8AAFT/AABW/wAAWP8AAFv/AABe/wAAYf8AAGL/AABi/wAAYv8BAWD/Dghe/zYdXP9tO1n0gkdZ241NWbKuXlh8s2FYQLNhWAcAAAAAAAAAAAAAAAAAAAAAAAAAAAAAAAAAAAAAAAAAAAAAAAAAAAAAAAAAAKxdVQG0YlhDn1ZWf6xdV8GzYVjmnFVYnoZJWK6TUFj1OB5Y/wgEWv8AAF7/AABh/wAAZP8AAGX/AABk/wAAYf9YMFz/ajpZ/wsGWv8AAFr/AABc/wAAXP8AAF7/AABh/wAAY/8AAGT/AABk/wAAY/8AAGH/AABf/wUDXf8+IVr/fkRZ/qpdWPSzYViNs2FYFbNhWAIAAAAAAAAAAAAAAAAAAAAAAAAAAAAAAAAAAAAAAAAAAAAAAAAAAAAAAAAAALRhWBGfVlZ2gEVUo5xVV/CbVFb6olhY5JNQV/UkE1n/AQBb/wAAXv8AAF//AABi/wAAZf8AAGX/AABl/wEAY/9lN1z/YDRc/wcDYf8AAGH/AABg/wAAYf8AAGL/AABi/wAAY/8AAGX/AABm/wIBZv8kFGL/XTNd/4ZJWv+tXlj3q11Y2bBfWLq0YVg6s2FYBqpcVAAAAAAAAAAAAAAAAAAAAAAAAAAAAAAAAAAAAAAAAAAAAAAAAAAAAAAAtGJZA7RhWEJ9RFSFh0lVy2E1UvxjNVP/mFJX/jgeVv8BAFn/AABc/wAAYf8AAGL/AABk/wAAZv8AAGb/AABm/wUDZP9+RFz/RyZg/wMBZf8AAGX/AABl/wAAZf8AAGT/AABk/wAAZP8AAGX/CQVm/zMcY/+MTFv/e0Jc/1ArXP96Qln7oFdY4ZpUWKWjWFhqs2JYOLNhWAcAAAAAAAAAAAAAAAAAAAAAAAAAAAAAAAAAAAAAAAAAAAAAAAAAAAAAs2FYGbJgWGZ2P1ObhEdU8CARTv8xG1H/cz5W/xULVv8AAFr/AABe/wAAYv8AAGX/AABm/wAAaP8AAGj/AABn/wcEZ/+QTlv/NR1k/wAAaf8AAGr/AABp/wAAZv8AAGb/AABl/wAAZf8SCmT/WzFf/4lKXP9MKmL/FQtk/wMCYf8XDFv/Vy9Z/plTWO6UUFiwnlZYdLRhWDwAAAAAAAAAAAAAAAAAAAAAAAAAAAAAAAAAAAAAAAAAAAAAAAC0YVgHsmBYRoVIVXuQTlbVZjdT/woFTv8LBlL/XTJW/0cmWf8DAl7/AABi/wAAY/8AAGb/AABp/wAAa/8AAGv/AABr/wgEa/+QTl3/NR1n/wAAbP8AAGz/AABp/wAAZv8AAGX/AQFk/xwPYv+FSFv/cz5d/x8RZv8BAWr/AABo/wAAYf8AAFz/AQFa/yESWP+ST1j2k09Yup1UV4K0YVg9tGFYCAAAAAAAAAAAAAAAAAAAAAAAAAAAAAAAAAAAAAC0YlgWp1pYZGg4VZaPTlb5KBZQ/wEAUP8BAFL/JRRV/4JGWP8jE1//AQBk/wAAZf8AAGj/AABs/wAAbf8AAG3/AABt/wcEb/+QTlz/NRxn/wAAbP8AAGv/AABo/wAAZf8AAGT/Gg5h/3hBW/9hNFz/EQlj/wAAZ/8AAGj/AABn/wAAYv8AAFz/AABa/wAAV/8zHFX/ikpX85FOV7qdVVd0tGJYOLNhWAUAAAAAAAAAAAAAAAAAAAAAAAAAAAAAAAC1YlgqjExWd4dIVrlsOlX/BQJR/wAAUv8AAFP/BAJV/1wyWP9lN1z/BwRk/wAAZ/8AAGv/AABu/wAAb/8AAG//AABw/wcEcf+QTlz/NR1m/wAAa/8AAGj/AABm/wAAY/8JBWL/XDJd/4xMWv8PCGH/AABj/wAAZf8AAGX/AABk/wAAYf8AAFz/AABa/wAAV/8EAlT/NBxU/5JPV/aBRVajllFXaLNhWB4AAAAAAAAAAAAAAAAAAAAAAAAAAAAAAAC0YVg2iktWf6VaV9w7IFT/AABT/wAAVP8AAFX/AABX/wQDW/98Q1r/XDJf/wsGaP8AAG3/AABv/wAAcP8AAG//AABv/wQCcP9+RV//XTJj/wYDa/8AAGb/AABi/wQCYP9gNFz/gUZa/yMTX/8AAGL/AABj/wAAY/8AAGP/AABh/wAAXv8AAF3/AABb/wAAWf8AAFX/AQBT/yUUUf+RT1bjekJUlKZaV1y0YVgJAAAAAAAAAAAAAAAAAAAAAAAAAACwX1hUiUpWjaRZV+QxG1L/AABS/wAAU/8AAFb/AABY/wAAXP8sGF//eUJd/0MlY/8GA2z/AABv/wAAbv8AAG3/AABt/wAAcP9jNWP/dkBf/w8Iaf8AAGX/AgFi/zQcX/+ARVr/Khde/wIBYf8AAGP/AABi/wAAYf8AAGL/AABg/wAAXf8AAFz/AABb/wAAWv8AAFf/AABT/wIBT/9cMlL6hUhVxYlLVYK1Ylg2smFYAgAAAAAAAAAAAAAAAAAAAACuXlhfjExWnZ5VV+8PCFD/AABQ/wAAUv8AAFX/AABY/wAAXP8DAmL/LBhj/39FXf9EJWX/AgFu/wAAbf8AAGz/AABt/wAAb/9EJWf/hUhd/xkNaP8AAGb/IhJj/4hJW/86H1//AgFh/wAAYv8AAGP/AABg/wAAXv8AAF7/AABd/wAAXP8AAFn/AABZ/wAAWP8AAFb/AABS/wAAT/8fEU//g0dU8XM+U5uwYFhas2FYCQAAAAAAAAAAAAAAAAAAAACuXVhfjUxWnptUV/AHBFD/AABR/wAAU/8AAFb/AABZ/wAAW/8AAF//AABj/xwPY/+ARV3/Vy9j/xAIbP8AAG3/AABs/wAAbf8qF2r/gEZe/yMSaf8JBWr/YjVg/3xDXf8GA2f/AABm/wAAZP8AAGL/AABg/wAAXf8AAFz/AABZ/wAAV/8AAFX/AABU/wAAU/8AAFL/AABQ/wAATf8EAkz/TSpR/nE9U8B9RFRxs2FYLLRhWAEAAAAAAAAAAAAAAACuXVhfjUxWnptUV/AHBE//AABQ/wAAUv8AAFb/AABY/wAAWf8AAFz/AABf/wAAYf8kE2L/YDRg/2I1Yv8bDmj/AQBr/wAAa/8SCmv/dD9g/0YmZ/8dEG3/f0Vf/z8iZv8AAGz/AABq/wAAZv8AAGP/BAJg/wcEXv8HBFz/BwRY/wcEVf8HBFL/BwRQ/wcET/8BAU7/AABM/wAATP8AAE3/Gw9O/4JGVe9bMVKIqVxYU7NhWAwAAAAAAAAAAAAAAACuXVhfjUxWnptUV/AHBFD/AABQ/wAAUv8AAFX/AABW/wAAV/8AAFn/AABa/wAAXP8BAGH/Ewpj/2U3Xf96Ql3/LBhl/wcEa/8GA2z/WjBj/207Y/81HW3/fENg/xoObv8FAm//Gg5q/zgeZP8/ImD/XzNc/3pCWv97Q1n/e0NY/3tDV/97Q1X/e0NV/3pCVP9GJlH/NR1P/xQLTf8GA07/BANO/2k5U/6FSFW3jk1Vc7ZjWCgAAAAAAAAAAAAAAACvXlhfkk9Xnp9WV/ANB1L/AABT/wAAVP8AAFT/AABU/wAAVv8AAFf/AABX/wAAWP8AAF3/AABg/wUDYf88IF//hklc/2s6YP8uGWn/OB5p/4xMXv9ZMGj/aDll/08qaf96QmH/lVFc/4pKXP+ESFz/g0db/2Y4W/9LKFn/SyhV/0soUv9LKFH/SyhP/1YuUP+HSVX/lVFW/5RQVv99RFT/Uy1S/zwgUP+dVVbhdkBUh6xdWEu0YVgBtGFYBbRhWAOzYVhfoFdXmKpcWOstGFP/AABT/wAAVP8AAFT/AABU/wAAU/8AAFT/AABW/wAAVv8AAFj/AABc/wAAXf8DAWD/IxNi/180YP+ARV//fENg/51VW/+gV1v/nlZb/4xLXv9mN2T/Nx1o/xULaP8NB2b/DQdj/wYEX/8AAFn/AABU/wAAT/8AAEz/AABJ/wMBSf8QCE3/JBRP/zAaUP92QFP/r19Y/ZFPVvitXljsp1tXmLJgWGi0YVgIs2FYOrNhWD60YVi8plpXvq1eWOxTLVX/AgFS/wAAUv8AAFP/AABT/wAAUv8AAFP/AABU/wAAVP8AAFb/AABY/wAAWv8AAF7/AQFj/woFZ/8lFGr/Uy1n/5pUXP+zYVj/o1lb/247Y/8tGWz/CQVu/wAAa/8AAGf/AABj/wAAXv8AAFn/AABV/wAAUf8AAEz/AABK/wAASv8AAEz/AABM/wAATP8+IlH/oVhX7apcWLOzYVijtGFYV7RhWEW0YVgLtGJYUpxUWH2pW1j1k1BY/6BXWP+KS1b/QSNU/zkfU/8ZDlD/DwhR/wcEUv8HBFP/BwRS/wcEVP8HBFb/DwhY/xkNWv8aDl7/IBFi/zofY/97Ql//llFc/5hSXP+pXFr/mFNc/3xDYP+KS17/fkRf/zogZf8JBWX/AABg/wAAXf8AAFr/AABY/wAAVP8AAE//AABN/wAATP8AAEv/AABK/wAATP8lFFH/mVNX+qVaWKK0YVhas2FYCQAAAAC0YVgEtmNYP3M+V3iHSVjTVi9X/zsgVv9iNVb/fURW/5RQV/+CR1b/cz9V/2M2VP9jNlX/YzZV/2M2Vv9jNlf/dT9Y/4pLWP+CR1r/h0lb/4RIXP9pOF//QyRk/3A9Yf9tO2L/d0Fh/0Mkaf8gEWz/Tipl/3tDXf9YMF3/Gg5e/wEBXv8AAF3/AABb/wAAWf8AAFT/AABQ/wAATf8AAEv/AABL/wAATP8UC1D/gEVW/ItLVqS1Ylhes2FYCgAAAAAAAAAAtGFYIqNYWG1tO1eocz5X+RIKVP8JBVP/FQxT/yoXUv85H1L/XDJU/2M1VP9jNVX/YzVV/2M1WP9jNVn/ZDZa/1kwXP8xG2D/MBpg/x4QY/8LBmX/Dghn/4BFXf9PK2X/XTNk/2g5Y/8CAXD/BwRr/x8RY/9nOFv/eUJa/xwQXf8AAF7/AABc/wAAW/8AAFf/AABS/wAATf8AAEv/AABL/wAAS/8TCk//fkRV/IdJVqS2Ylhes2FYCgAAAAAAAAAAtGFYBLhjWEdfM1WHfENW0zAaUv4AAFD/AABQ/wAAUP8AAFH/AABS/wAAUf8AAFL/AABU/wAAWP8AAF3/AABf/wAAYf8AAGP/AABk/wAAZP8CAWT/OR9h/4BGXP8aDmf/LBhm/41MXP8TCmn/AABn/wAAYf8KBV3/RSVb/3M/Wv8xGlv/BwRb/wAAW/8AAFr/AABW/wAAUf8AAEz/AABM/wAATf8TCk//fkRV/IdJVqS2Ylhes2FYCgAAAAAAAAAAAAAAALRhWBmHSVZzcj5UrGo5VPUCAU3/AABO/wAAUP8AAFP/AABT/wAAU/8AAFP/AABV/wAAWv8AAF7/AABg/wAAYv8AAGP/AABj/wAAY/8PCGT/bDpd/0YmYf8AAGf/Ewpm/4ZJXP8zHGL/AABj/wAAX/8AAF3/BAJb/zceWv95QVn/RCVa/wcEXP8AAFz/AABZ/wAAVP8AAE//AABN/wAATf8TCk7/fkRV/IdJVaS2Ylhes2FYCgAAAAAAAAAAAAAAALJgWAKlWldfbzxTkJZRVuYgEU7/AABM/wAATv8AAFL/AABT/wAAU/8AAFP/AABV/wAAWf8AAF7/AABg/wAAYf8AAGL/AABi/wAAZP8xGmP/hUhc/yoXY/8AAGj/DQdm/4NHXP9aMV7/AwJi/wAAYP8AAFz/AABb/wMBWv84Hlr/hEhZ/z4iXP8AAF3/AABb/wAAV/8AAFH/AABP/wAATf8XDE7/g0dV/IZJVaS2Ylhes2FYCgAAAAAAAAAAAAAAAAAAAAC0YVgsiUpVc3dAVKt0P1T7EgpN/wAAS/8AAE7/AABQ/wAAUP8AAFL/AABV/wAAV/8AAFz/AABe/wAAX/8AAGD/AgFh/yMTYv+ESFz/OR9k/wIBaf8AAGv/AwJq/1gwYP98Q13/CAVm/wAAYv8AAFz/AABa/wAAWv8AAFv/Gw9c/4RHWv8+Ilv/BQJa/wAAVv8AAFL/AABP/wAATf8uGU//mFJW6I5NVZO1YlhUs2FYBwAAAAAAAAAAAAAAAAAAAAC0YlgLq11YS2k5U32FSVTUUixQ/gkFSf8AAEz/AABO/wAAUP8AAFL/AABU/wAAVv8AAFj/AABa/wAAXP8CAV3/KRZd/4FGW/9WLmH/DAdp/wAAbf8AAG7/AABt/zkeZv+LTFz/Gg5l/wAAZP8AAF//AABd/wAAXf8AAF7/AwJe/zgeXf+CRln/KRZZ/wEBVf8AAFH/AABP/wAATv8zHFD/k1BW355WV4yzYVg6smFYAQAAAAAAAAAAAAAAAAAAAAC0YVgBtWJYF6ZaV2R0P1OclFBV60koTv8BAUr/AABN/wAATv8AAFL/AABU/wAAVf8AAFf/AABY/wAAWf8RCln/dD9Z/2g4Xf8JBWX/AABq/wAAb/8AAHH/AABx/xkNbP+TUFv/JhVl/wAAZv8AAGL/AABg/wAAX/8AAF7/AABf/wMBX/9TLVz/aTlY/w0HVf8AAFD/AABN/wAATP9YMFL+i0tVyJJPVoGzYVgwAAAAAAAAAAAAAAAAAAAAAAAAAAAAAAAAtGJZAbRhWCmkWVdygkdUnaBXVuRIJ0//CQVL/wAATf8AAFD/AABT/wAAVf8AAFf/AgFX/w8IVv9sOlf/e0JZ/xwPXv8AAGP/AABp/wAAbv8AAHL/AABx/xQLbf+SUFv/JhVk/wAAZv8AAGT/AABi/wAAYP8AAFv/AABc/wAAX/8YDV3/cz5Z/z0hVv8AAFD/AABM/xkOTf+QTlbwgUZVo6JYV3K0YlkHAAAAAAAAAAAAAAAAAAAAAAAAAAAAAAAAAAAAALNhWAC0YVgzn1ZWb4RHVJ6UUVXsTSpQ/g8ITv8AAE7/AABQ/wAAUv8FA1T/LxpW/2w7Vv95QVf/IhJX/wEBWv8AAGD/AABl/wAAa/8AAG//AABu/xQLav+SUFv/JhVi/wAAZP8AAGP/AABh/wAAXv8AAFn/AABa/wAAXf8CAV3/LRlb/3lCWP8NB1L/AwJO/1syU/+aVFbSg0dVhK1dWEq0YlkBAAAAAAAAAAAAAAAAAAAAAAAAAAAAAAAAAAAAAAAAAAC0YVgFs2FYM6RZV3GDR1SlllJW5nA8VP0WDE7/AgFN/wsGUP9MKlX/jExX/14yVf8VC1P/AQFV/wAAWP8AAF7/AABk/wAAaP8AAGv/AABr/xQLZ/+SUFr/JhVg/wAAYP8AAGD/AABf/wAAXP8AAFn/AABZ/wAAXP8AAFz/BwRa/288WP9BI1T/FAtS/4dJVvx3QVWhqVxXbbNhWB8AAAAAAAAAAAAAAAAAAAAAAAAAAAAAAAAAAAAAAAAAAAAAAAAAAAAAs2FYAbNhWCmsXVhljk1Vjp9XVtCaU1b7ZDdT/4hKVf+GSVT/LhpR/wEBUP8AAFP/AABW/wAAWP8AAF3/AABh/wAAZf8AAGf/AABm/y0YYv+HSVr/GA1d/wAAXP8AAFv/AABa/wAAWv8AAFn/AABZ/wAAWv8FA1j/Nh1Y/5dRWPt8Q1f/YjVW/oxMV9ZuPFV8tGJYQ7NhWAYAAAAAAAAAAAAAAAAAAAAAAAAAAAAAAAAAAAAAAAAAAAAAAAAAAAAAAAAAALNhWAKzYVhGsWBYuqdbV9eWUVX5f0VS/1MtTv8XDUr/AgFM/wAATv8AAFH/AABT/wAAVv8AAFr/AABc/wAAX/8AAGH/AABh/0wpXf97Qln/BwRa/wAAWf8AAFj/AABY/wAAWP8AAFj/AABX/wEAV/82HVf/iktY8phSWM6rXVj+oVdY839EV6akWVhqs2FYHwAAAAAAAAAAAAAAAAAAAAAAAAAAAAAAAAAAAAAAAAAAAAAAAAAAAAAAAAAAAAAAALNhWA6zYVh4q11X539FU/4wGkr/EwpG/wQCRv8AAEj/AABM/wAATv8AAFD/AABS/wAAVP8AAFf/AABY/wAAWv8AAFv/AwJc/1kwWf9rOlj/BQNX/wAAV/8AAFb/AABW/wAAVv8AAFX/AgFU/yUUVf+TUFf1iktYt5hSWI+zYVjosF9YzJ5WWIe0YVhOtGFYBAAAAAAAAAAAAAAAAAAAAAAAAAAAAAAAAAAAAAAAAAAAAAAAAAAAAAAAAAAAAAAAALRhWECtXld3llFVlZpTVcqFSFPoTSpO+h8RSv8KBkr/AgFM/wAATf8AAFH/AABR/wAAUv8AAFT/AABU/wAAVf8AAFb/EAlV/4RHV/8wGlb/AABW/wAAV/8AAFf/AABV/wEBU/8PCFL/WzFV/Z1VV/KESFeslFBYd7NhWEe0YVhGs2FYcbNhWGyzYVgVAAAAAAAAAAAAAAAAAAAAAAAAAAAAAAAAAAAAAAAAAAAAAAAAAAAAAAAAAAAAAAAAAAAAALRhWA2qXFc/kE5UaHlBUn1jNlCWgEZTxINHU/FnOFH8QCJP/ycVTv8JBU7/BQNP/wIBUP8AAFD/AABQ/wAAUP8EAlD/KRZS/35EVv8NB1L/AABT/wAAVv8AAFb/BAJU/zQdVP9mN1X6jk1X2o9OV6iUUFd2s2FYRLNhWAu1YlkEtGFYLLRhWCcAAAAAAAAAAAAAAAAAAAAAAAAAAAAAAAAAAAAAAAAAAAAAAAAAAAAAAAAAAAAAAAAAAAAAAAAAAAAAAACzYVgGs2FYFbJgWC2YUlVlfkRTg3pCU5xqOVKwfkRU0IxMVet6QlP6d0FU/VEtU/87IFH/OyBQ/z8iUP90P1T/iktW/248VP8CAU7/AABP/wAAUf8OB1T/SSdV/5ZRV/2ISVbIbjxVjaRZV3azYVg3s2FYCrRiWQCzYVgAtGFYBLRhWAIAAAAAAAAAAAAAAAAAAAAAAAAAAAAAAAAAAAAAAAAAAAAAAAAAAAAAAAAAAAAAAAAAAAAAAAAAAAAAAAAAAAAAAAAAAAAAAACzYVgNs2FYP7JgWFmjWFdrdT9TcWE0UX9PKlCId0BUpJlTVsylWlfcnlZW04NHVLeST1bBmVNW8TUdTv8UC0v/HRBM/0gnUf6NTFfwlFBX0XtDVp+qXFd5sWBYU7NhWBwAAAAAAAAAAAAAAAAAAAAAAAAAAAAAAAAAAAAAAAAAAAAAAAAAAAAAAAAAAAAAAAAAAAAAAAAAAAAAAAAAAAAAAAAAAAAAAAAAAAAAAAAAAAAAAAAAAAAAAAAAAAAAAAAAAAAAs2FYArNhWASzYVgetWJYLa9fV0CqXFdMo1hXZo5NVnmLS1V/h0lUdoJGVGqvX1i8nVVW+mg4Uf9+RFP7gEVT7IhKVdB5QlaiekJWgp1VV2u0YVhAs2FYErJgVwAAAAAAAAAAAAAAAAAAAAAAAAAAAAAAAAAAAAAAAAAAAAAAAAAAAAAAAAAAAAAAAAAAAAAAAAAAAAAAAAAAAAAAAAAAAAAAAAAAAAAAAAAAAAAAAAAAAAAAAAAAAAAAAAAAAAAAAAAAAAAAAAAAAAAAtGFYAbNhWASzYVgItGFYF7ViWCu1YlgvtWJYJbZjWBezYViCqlxXy4pLVMhsOlGhYzZRlHpCVIWfVldwrl5YR7RhWB2zYVgFtGFYAAAAAAAAAAAAAAAAAAAAAAAAAAAAAAAAAAAAAAAAAAAAAAAAAAAAAAAAAAAAAAAAAAAAAAAAAAAAAAAAAAAAAAAAAAAAAAAAAAAAAAAAAAAAAAAAAAAAAAAAAAAAAAAAAAAAAAAAAAAAAAAAAAAAAAAAAAAAAAAAAAAAAAAAAAAAAAAAAAAAAAAAAAAAAAAAALJgWASzYVhQrV1XdZlTVXayYFhouGRYW7RiWES0YVgRt2NaAQAAAAAAAAAAAAAAAAAAAAAAAAAAAAAAAAAAAAAAAAAAAAAAAAAAAAAAAAAAAAAAAAAAAAAAAAAAAAAAAAAAAAAAAAAAAAAAAAAAAAAAAAAAAAAAAAAAAAAAAAAAAAAAAAAAAAAAAAAAAAAAAAAAAAAAAAAAAAAAAAAAAAAAAAAAAAAAAAAAAAAAAAAAAAAAAAAAAAAAAAAAAAAAALNhWAOzYVgps2FYNLNhWDOzYVgZs2FYDLNhWAEAAAAAAAAAAAAAAAAAAAAAAAAAAAAAAAAAAAAAAAAAAAAAAAAAAAAAAAAAAAAAAAAAAAAAAAAAAAAAAAAAAAAAAAAAAAAAAAAAAAAAAAAAAAAAAAAAAAAAAAAAAAAAAAAAAAAAAAAAAAAAAAAAAAAAAAAAAAAAAAAAAAAAAAAAAAAAAAAAAAAAAAAAAAAAAAAAAAAAAAAAAAAAAAAAAAAAAAAAAAAAAAAAAAAAAAAAAAAAAAAAAAAAAAAAAAAAAAAAAAAAAAAAAAAAAAAAAAAAAAAAAAAAAAAAAAAAAAAAAAAAAAAAAAAAAAAAAAAAAAAAAAAAAAAAAAAAAAAAAAAAAAAAAAAAAAD///////8AAP///////wAA///wf///AAD//4AH//8AAP/+AAB//wAA//wAAA//AAD/8AAAA/8AAP/wAAAB/wAA/wAAAAD/AAD+AAAAAf8AAPwAAAAB/wAA/AAAAAD/AAD8AAAAAD8AAPgAAAAAPwAA+AAAAAAfAAD4AAAAAA8AAPAAAAAABwAA8AAAAAAHAADwAAAAAAcAAPAAAAAAAwAA8AAAAAADAADwAAAAAAEAAPAAAAAAAQAA4AAAAAADAADgAAAAAAcAAOAAAAAABwAA4AAAAAAHAADgAAAAAAcAAPAAAAAABwAA8AAAAAAHAAD4AAAAAAcAAPwAAAAABwAA/AAAAAAHAAD+AAAAAA8AAP8AAAAADwAA/4AAAAAfAAD/wAAAAD8AAP/AAAAAPwAA/8AAAAA/AAD/wAAAB/8AAP/wAAAP/wAA//gAAB//AAD//8AAf/8AAP///wD//wAA////A///AAD///////8AAP///////wAA////////AAAoAAAAQAAAAIAAAAABACAAAAAAAAAAAAAAAAAAAAAAAAAAAAAAAAAAAAAAAAAAAAAAAAAAAAAAAAAAAAAAAAAAAAAAAAAAAAAAAAAAAAAAAAAAAAAAAAAAAAAAAAAAAAAAAAAAAAAAAAAAAAAAAAAAAAAAAAAAAAAAAAAAAAAAAAAAAAAAAAAAAAAAAAAAAAAAAAAAAAAAAAAAAACzYVgas2FYI7NhWCO0YVgfs2FYAwAAAAAAAAAAAAAAAAAAAAAAAAAAAAAAAAAAAAAAAAAAAAAAAAAAAAAAAAAAAAAAAAAAAAAAAAAAAAAAAAAAAAAAAAAAAAAAAAAAAAAAAAAAAAAAAAAAAAAAAAAAAAAAAAAAAAAAAAAAAAAAAAAAAAAAAAAAAAAAAAAAAAAAAAAAAAAAAAAAAAAAAAAAAAAAAAAAAAAAAAAAAAAAAAAAAAAAAAAAAAAAAAAAAAAAAAAAAAAAAAAAAAAAAAAAAAAAAAAAAAAAAAAAAAAAAAAAAAAAAAAAAAAAAAAAAAC1YVgLs2FYHLNhWE+zYVhbt2NYcrdjWHqzYVh6s2FYdbNhWCsAAAAAAAAAAAAAAAAAAAAAAAAAAAAAAAAAAAAAAAAAAAAAAAAAAAAAAAAAAAAAAAAAAAAAAAAAAAAAAAAAAAAAAAAAAAAAAAAAAAAAAAAAAAAAAAAAAAAAAAAAAAAAAAAAAAAAAAAAAAAAAAAAAAAAAAAAAAAAAAAAAAAAAAAAAAAAAAAAAAAAAAAAAAAAAAAAAAAAAAAAAAAAAAAAAAAAAAAAAAAAAAAAAAAAAAAAAAAAAAAAAAAAAAAAAAAAAAAAAAAAAAAAAAAAAAAAAAAAAAAAALJhWAqzYVgztWJYZKxdWHmbVFd7nFRXe1kwUn5gNFGCr19XgrRhWFKzYVgHAAAAAAAAAAAAAAAAAAAAAAAAAAAAAAAAAAAAAAAAAAAAAAAAAAAAAAAAAAAAAAAAAAAAAAAAAAAAAAAAAAAAAAAAAAAAAAAAAAAAAAAAAAAAAAAAAAAAAAAAAAAAAAAAAAAAAAAAAAAAAAAAAAAAAAAAAAAAAAAAAAAAAAAAAAAAAAAAAAAAAAAAAAAAAAAAAAAAAAAAAAAAAAAAAAAAAAAAAAAAAAAAAAAAAAAAAAAAAAAAAAAAAAAAAAAAAAAAAAAAAAAAAAAAAAAAs2FYCLNhWDS1YlhlrV5YeXxDV3tBI1SDTClTm39FVcCWUVbYsmBY+rNhWPqzYVjrs2FYU7NhWBCzYVg+s2FYSbNhWEmzYVg9s2FYDbNhWAUAAAAAAAAAAAAAAAAAAAAAAAAAAAAAAAAAAAAAAAAAAAAAAAAAAAAAAAAAAAAAAAAAAAAAAAAAAAAAAAAAAAAAAAAAAAAAAAAAAAAAAAAAAAAAAAAAAAAAAAAAAAAAAAAAAAAAAAAAAAAAAAAAAAAAAAAAAAAAAAAAAAAAAAAAAAAAAAAAAAAAAAAAAAAAAAAAAAAAAAAAAAAAAAAAAAAAAAAAAAAAAACxYFcBs2FYNLRhWGiwX1h5ekJae0cmWod4QFi6qVxY76RYV/ukWVf/gUZV/1oxUf+nWlf/tGFY1rBfWIKqXFh2q11YeqtdWHurXVh7rV5YerRhWHa0YlhXtGJYQbNhWD2yYVgPs2FYB7RhWAIAAAAAAAAAAAAAAAAAAAAAAAAAAAAAAAAAAAAAAAAAAAAAAAAAAAAAAAAAAAAAAAAAAAAAAAAAAAAAAAAAAAAAAAAAAAAAAAAAAAAAAAAAAAAAAAAAAAAAAAAAAAAAAAAAAAAAAAAAAAAAAAAAAAAAAAAAAAAAAAAAAAAAAAAAAAAAAAAAAAAAAAAAAAAAAACtXVQCs2FYRLNhWHmjWFl7RyZbiHlCWbuqXFjwoFdY/loxVv8VC1L/CAVR/wUDT/81HU//qVtX+ItLVa1WL1KLPiFSkoJGVsCHSVfFiElYxWU3WaF0P1mIXjNae2c4W3uoW1h6sGBYdrNhWHOzYVhItGFYO7JhWBayYFcBAAAAAAAAAAAAAAAAAAAAAAAAAAAAAAAAAAAAAAAAAAAAAAAAAAAAAAAAAAAAAAAAAAAAAAAAAAAAAAAAAAAAAAAAAAAAAAAAAAAAAAAAAAAAAAAAAAAAAAAAAAAAAAAAAAAAAAAAAAAAAAAAAAAAAAAAAAAAAAAAAAAAAAAAAAC1YVgWs2FYa51VWHp0P1mAjU1ZvapcWPCgV1n+WDBa/xQLW/8CAVf/AABT/wAAUv8JBVD/gEVV/7djWP6yYVj5pVpX+ZhSVvmdVVf+nVVX/51VWP+pXFj7rF1Y8IpLWcmHSVrIWTBdoTwhXo1jNV2BekJbe7ZjWHuzYVh2tGFYR7ViWQEAAAAAAAAAAAAAAAAAAAAAAAAAAAAAAAAAAAAAAAAAAAAAAAAAAAAAAAAAAAAAAAAAAAAAAAAAAAAAAAAAAAAAAAAAAAAAAAAAAAAAAAAAAAAAAAAAAAAAAAAAAAAAAAAAAAAAAAAAAAAAAAAAAAAAAAAAALViWQOzYVhKs2FYdJ5WWHtCJFmLjk1Zz7ZjWP6FSFn/FAtd/wIBXf8AAF3/AABZ/wAAVv8AAFX/GA1T/5hTV/9WL1H/SSdQ/ycWT/8JBVD/CQVS/wkFVf8JBVj/Lxlb/0gnW/9HJ1z/fURb/5ZSWvqpW1j4mVNZ2YpLWspiNVujXzRbgpxUWXq1Ylhqs2FYM7RhWBsAAAAAAAAAAAAAAAAAAAAAAAAAAAAAAAAAAAAAAAAAAAAAAAAAAAAAAAAAAAAAAAAAAAAAAAAAAAAAAAAAAAAAAAAAAAAAAAAAAAAAAAAAAAAAAAAAAAAAs2FYO7NhWCi0YlkBAAAAALRhWAW0YVhKs2FYeotLWIJsO1ikq11Y8INHWf5FJVr/EAlc/wAAXv8AAF7/AABe/wAAXP8AAFn/AABX/0wpVv+dVVf/FgxP/wAATv8AAE//AABR/wAAVP8AAFf/AABa/wAAXf8AAF7/AABf/wYDYf8JBWL/MRpg/1MtXf+YUln/q1xY+o9OWdA7IFuNUSxZe5pTWHq5ZFhztGJYUbRiWQgAAAAAAAAAAAAAAAAAAAAAAAAAAAAAAAAAAAAAAAAAAAAAAAAAAAAAAAAAAAAAAAAAAAAAAAAAAAAAAAAAAAAAAAAAAAAAAAAAAAAAs2FYOLNhWHe0YVhftGJZILNhWAizYVhKtGFYeWg4WIKPTVjOtGJY+oNHWP8QCVv/AABd/wAAX/8AAGD/AABh/wAAYP8AAF7/AABc/wgEWv+ER1j/aTlW/wEBUv8AAFH/AABS/wAAVP8AAFb/AABZ/wAAXP8AAF//AABg/wAAYf8AAGH/AABi/wAAYv8BAWD/CQVf/y8aXf96Qlr+o1lY8Y5NWc5uPFmlXDJZgqVaWHqzYVhks2FYHAAAAAAAAAAAAAAAAAAAAAAAAAAAAAAAAAAAAAAAAAAAAAAAAAAAAAAAAAAAAAAAAAAAAAAAAAAAAAAAAAAAAAAAAAAAtGJZDLRhWHK2Ylh7s2FYlrRhWNizYVh3s2FYeWk5WIKPTVjPrV5Y/VArWP8OCFn/AABd/wAAYP8AAGL/AABj/wAAZP8AAGT/AABi/wAAXv8ZDV3/oVdZ/1cvWP8AAFb/AABW/wAAWP8AAFn/AABa/wAAW/8AAF7/AABh/wAAY/8AAGL/AABj/wAAYv8AAGL/AABg/wAAX/8AAF7/BgNc/y4ZWv92QFn/k1BZ+rJhWM2zYViOs2FYY7NhWBwAAAAAAAAAAAAAAAAAAAAAAAAAAAAAAAAAAAAAAAAAAAAAAAAAAAAAAAAAAAAAAAAAAAAAAAAAAAAAAAAAAAAArF1VAbNhWD62Y1h7fURUibNhWOqzYVj+s2FYz2w7WIaPTljPrV5Y/T8iWP8CAVn/AABa/wAAXf8AAGD/AABj/wAAZf8AAGb/AABl/wAAZP8AAGH/SShd/6pcWP8fEVr/AABb/wAAW/8AAFz/AABd/wAAXf8AAF7/AABg/wAAY/8AAGT/AABk/wAAZf8AAGT/AABj/wAAYv8AAGD/AABe/wcEXf8uGVv/aTlZ/45NWf+0Ylj9s2FYvLNhWA2zYVgCAAAAAAAAAAAAAAAAAAAAAAAAAAAAAAAAAAAAAAAAAAAAAAAAAAAAAAAAAAAAAAAAAAAAAAAAAAAAAAAAAAAAALNhWAqzYVhwg0dUe4BFVLqrXVj9plpX/6ZaWOWRT1fRrV5Y/T8iWP8CAVr/AABc/wAAXf8AAF7/AABg/wAAY/8AAGX/AABl/wAAZf8AAGT/AABj/0soXf+qXFj/HA9e/wAAYP8AAGD/AABf/wAAX/8AAGH/AABi/wAAYv8AAGL/AABj/wAAZP8AAGX/AABm/wAAZv8AAGX/IBJh/2g5XP+LTFr/sF9Y/qlcWOO0Yljbs2FYxLNhWEG3Y1oAAAAAAAAAAAAAAAAAAAAAAAAAAAAAAAAAAAAAAAAAAAAAAAAAAAAAAAAAAAAAAAAAAAAAAAAAAAAAAAAAAAAAAJxVTQC0YVg8rl5YezQcToioW1ftf0VU/2c4U/+yYFj9rl5Y/j8iVv8CAVj/AABa/wAAXv8AAGH/AABg/wAAYf8AAGT/AABm/wAAZv8AAGX/AABl/wMCY/9eM13/mlNa/xULY/8AAGT/AABj/wAAY/8AAGT/AABk/wAAZP8AAGP/AABj/wAAZP8AAGX/AABm/wAAZv8JBWf/azpe/6RZWf+uXlj/iEpa/6lcWP6lWVjllVFYqqZaWH61Ylhhs2FYLqpcVAEAAAAAAAAAAAAAAAAAAAAAAAAAAAAAAAAAAAAAAAAAAAAAAAAAAAAAAAAAAAAAAAAAAAAAAAAAAAAAAAC0YlkKtGFYcGs6Unt3QFO6olhX/RcNTP8pFk//tGJY/0wpVf8CAVX/AABY/wAAW/8AAF//AABi/wAAY/8AAGT/AABm/wAAZ/8AAGf/AABm/wAAZv8KBWX/m1Ra/2s6Xv8BAGf/AABm/wAAZ/8AAGj/AABn/wAAZv8AAGX/AABl/wAAZf8AAGX/AABl/wAAZv8jE2T/dD9e/61eWf90P13/JRRh/wYDX/81HVv/lFBY/65fWPSLS1iwj01YhLRiWHazYVg6bzw3AAAAAAAAAAAAAAAAAAAAAAAAAAAAAAAAAAAAAAAAAAAAAAAAAAAAAAAAAAAAAAAAAAAAAAAAAAAAs2FYPrFgWHpaMFGHq1xX71gvUf8CAUz/BwRP/45NVv9QK1b/AgFW/wAAWf8AAF3/AABg/wAAY/8AAGX/AABm/wAAZ/8AAGn/AABo/wAAZ/8AAGj/CgVo/51VWv9qOWD/AABq/wAAav8AAGv/AABq/wAAaP8AAGb/AABm/wAAZv8AAGX/AABl/woFZP9EJWH/o1hZ/5NQW/9AI2T/BAJo/wAAZP8AAGD/AQBc/w8IWf9vPFn/qFtY/JdSWNR/RVeEtWJYd7RhWDwAAAAAAAAAAAAAAAAAAAAAAAAAAAAAAAAAAAAAAAAAAAAAAAAAAAAAAAAAAAAAAAAAAAAAtGFYDbRhWG+ST1Z7ekFUuq5eWP4zHE//AABO/wAAUf86IFT/llFY/xMKWf8AAF3/AABg/wAAYv8AAGP/AABl/wAAaP8AAGr/AABr/wAAav8AAGr/AABq/woFa/+dVVv/ajlh/wAAbf8AAGz/AABs/wAAav8AAGj/AABm/wAAZv8AAGX/AABj/woFY/9zPlz/qlxZ/3M+Xf8QCWj/AQFr/wAAav8AAGX/AABg/wAAXP8AAFr/AwJZ/zkfWP+sXVj+llFY031DV4O2Ylh4s2FYPQAAAAAAAAAAAAAAAAAAAAAAAAAAAAAAAAAAAAAAAAAAAAAAAAAAAAAAAAAAAAAAALRhWEOqXFh6MBpRhapcV/CESFX/BwRN/wAAT/8AAFL/BwRU/3A9V/+FSFn/Egpf/wAAY/8AAGT/AABl/wAAZv8AAGn/AABr/wAAbP8AAGz/AABs/wAAbf8KBW7/nVVb/2o5Yf8AAG3/AABt/wAAbf8AAGv/AABo/wAAZf8AAGX/AABk/woFYv9yPlz/rF1Y/0EjX/8DAmb/AABo/wAAaf8AAGn/AABm/wAAYP8AAFz/AABa/wAAWf8BAVf/OiBW/6xdWP6VUFfSe0JWg7ZiWHi0YVg9AAAAAAAAAAAAAAAAAAAAAAAAAAAAAAAAAAAAAAAAAAAAAAAAAAAAALNhWAa0YlhYk09Xe3lBVrmjWFf+FAtQ/wAAT/8AAFH/AABS/wAAVP8fEVb/pVlY/0spXf8CAWT/AABl/wAAZv8AAGn/AABs/wAAbv8AAG7/AABu/wAAbf8AAG//CgVw/51VW/9qOWH/AABs/wAAa/8AAGr/AABp/wAAZv8AAGT/AABk/wAAYv9fM13/q11Y/0EjXv8BAWL/AABm/wAAZ/8AAGf/AABn/wAAZv8AAGH/AABd/wAAWv8AAFn/AABW/wEBVP88IFX/rF1Y/pNPV9F6QlaCtWJYeLNhWCsAAAAAAAAAAAAAAAAAAAAAAAAAAAAAAAAAAAAAAAAAAAAAAACzYVgXtmNYd1kwVH+TT1fUhUhW/wYDUf8AAFL/AABT/wAAU/8AAFX/AABW/2k5Wf+VUVn/Egpi/wAAZv8AAGj/AABr/wAAbv8AAHD/AABw/wAAcP8AAG//AABx/woFcf+dVVv/ajlh/wAAbP8AAGv/AABo/wAAZ/8AAGT/AABi/wAAYv8yG1//o1lZ/39FW/8FA2L/AABi/wAAZP8AAGX/AABl/wAAZP8AAGP/AABg/wAAXf8AAFr/AABZ/wAAV/8AAFT/AQFT/z0hVP+sXVj+gkZWwHA9VXuzYVhktGFYEAAAAAAAAAAAAAAAAAAAAAAAAAAAAAAAAAAAAAAAAAAAs2FYF7ZiWHhlN1SGsWBY+U4qVP8AAFP/AABT/wAAVP8AAFX/AABV/wAAWP8IBVv/jk1Z/4dJW/8RCWb/AABp/wAAbP8AAG7/AABx/wAAcf8AAHD/AABv/wAAcP8HBHD/gEZf/51VW/8YDWv/AABr/wAAZ/8AAGP/AABh/wAAYP8xGl//olhZ/4RIWv8RCWD/AABi/wAAY/8AAGP/AABk/wAAZP8AAGL/AABg/wAAXf8AAF3/AABb/wAAWv8AAFj/AABV/wAAVP8CAVL/PyJS/6RZV/NYL1Kdp1tXe7RiWEawX1YBAAAAAAAAAAAAAAAAAAAAAAAAAAAAAAAAAAAAALNhWDm0YVh6YDRUh7FgWPlOKlT/AABS/wAAVP8AAFT/AABW/wAAV/8AAFn/AABc/zAaXv+jWFn/dT9e/wMCaf8AAGz/AABu/wAAb/8AAG//AABu/wAAbf8AAG//AABx/0ooZ/+qXFn/HRBr/wAAav8AAGX/AABi/wAAYP8XDGD/nVVZ/4RIWv8SCl//AABg/wAAYv8AAGP/AABi/wAAYv8AAGP/AABi/wAAX/8AAF3/AABd/wAAXP8AAFv/AABZ/wAAV/8AAFX/AABR/wYDTv99RFT/l1FW2EQlUYGwYFh1tGFYLAAAAAAAAAAAAAAAAAAAAAAAAAAAAAAAAAAAAAC0YVhWolhXe3tCVbeuXlj+Nh1S/wAAUP8AAFH/AABS/wAAVf8AAFf/AABa/wAAXf8AAGL/MRti/5xVWv9VLmH/Dwhq/wAAb/8AAG//AABt/wAAbP8AAGz/AABu/wAAcP9JJ2b/tWJY/1sxYv8AAGr/AABm/wAAZP8JBWL/cD1c/4VIWv8TCl//AABg/wAAYv8AAGP/AABj/wAAYP8AAF//AABh/wAAYP8AAF7/AABd/wAAW/8AAFv/AABb/wAAWf8AAFj/AABV/wAAUf8AAE//FAtO/55WV/58Q1S8gkdUe7ViWGCyYVgJAAAAAAAAAAAAAAAAAAAAAAAAAAAAAAAAtGFYVqBWV3uBRlbBolhX/wkFUP8AAFD/AABQ/wAAUv8AAFT/AABX/wAAWv8AAF3/AABh/wAAZf8yG2T/o1lZ/3I+X/8GA23/AABv/wAAbf8AAGz/AABs/wAAbf8AAHD/Fgxt/6JYWv9nN2H/AABq/wAAZ/8AAGb/Vy9f/65eWP84HmD/AABi/wAAYv8AAGP/AABj/wAAYf8AAF//AABd/wAAXv8AAF3/AABc/wAAW/8AAFn/AABY/wAAWP8AAFf/AABW/wAAVP8AAFD/AABO/wIBTf9WL1H/qlxX8EspUIWuX1h4s2FYFgAAAAAAAAAAAAAAAAAAAAAAAAAAAAAAALRhWFagVld7gUZVwaJYV/8JBVD/AABR/wAAUv8AAFP/AABV/wAAWP8AAFv/AABc/wAAX/8AAGP/AABl/zIbY/+aU1v/gUZe/xEJbP8AAG7/AABt/wAAbP8AAG3/AABu/wwHbv+aVFv/aTlh/wEAbP8AAGr/Fgxo/5tUWv+CR1z/CgVm/wAAZv8AAGT/AABj/wAAY/8AAGH/AABe/wAAXP8AAF3/AABb/wAAWP8AAFf/AABW/wAAVf8AAFT/AABU/wAAVP8AAFL/AABP/wAATf8AAEz/FAtM/51VV/tOKlCdg0dVerVjWEgAAAAAAAAAAAAAAAAAAAAAAAAAAAAAAAC0YVhWoFZXe4FGVcGiWFf/CQVP/wAAUP8AAFH/AABT/wAAVf8AAFj/AABa/wAAWv8AAF3/AABg/wAAYf8AAGT/Mhti/4FGXf+ER17/Fgxr/wIBbP8AAGz/AABr/wAAbP8CAW3/WjFj/59WWv8XDGz/AABw/1ItZf+uXln/OR9l/wAAa/8AAGr/AABn/wAAZP8AAGP/AABh/wAAXv8AAF3/AABc/wAAWv8AAFf/AABV/wAAVP8AAFL/AABQ/wAAUP8AAFD/AABO/wAATP8AAEz/AABM/wIBTP9YL1L/llFW2DsgUH6uXlhxtGFYFgAAAAAAAAAAAAAAAAAAAAAAAAAAtGFYVqBWV3uBRlXBolhX/wkFT/8AAE7/AABQ/wAAUv8AAFX/AABY/wAAWP8AAFj/AABa/wAAXP8AAF7/AABg/wAAY/8KBWX/cj5e/55WW/9EJWP/AgFq/wAAav8AAGr/AABs/zQcZ/+lWVr/Nx5q/wgFcv96QmD/gkde/wsGbv8AAG7/AABt/wAAav8AAGf/AABk/wIBYv8OCF//Dghe/w4IXP8OCFr/DghX/w4IVP8OCFH/DghP/w4ITv8OCE3/AwJO/wAATP8AAEv/AABL/wAATv8AAE7/FAtO/6RZV/tPK1KdnFVXerNhWEwAAAAAAAAAAAAAAAAAAAAAAAAAALRhWFagVld7gUZWwaJYV/8JBVD/AABQ/wAAUf8AAFP/AABV/wAAVv8AAFb/AABX/wAAWP8AAFn/AABZ/wAAXP8AAF//AABj/wkFZP9wPVz/pFlZ/1sxYP8aDmj/AwJs/wAAbP8NB2z/mlNb/2k5ZP8YDXL/pFlb/1IsZ/8AAHP/AwFx/w8Ibf83Hmb/USxh/1AsX/9dMl3/nFRZ/55WWf+fVln/n1ZY/59WWP+fVlf/n1ZX/59WV/+fVlf/nVVW/2E0Uv9RLFH/OyBP/xAJTf8KBU7/AABO/wUDTv+BRlT/mFJW2VwyUn64ZFhytGFYGQAAAAAAAAAAAAAAAAAAAAC0YVhWoFZXe4FGVsGiWFf/CQVR/wAAUv8AAFP/AABU/wAAVP8AAFT/AABU/wAAV/8AAFf/AABX/wAAV/8AAFn/AABd/wAAYP8AAGL/CQVi/zQcYP+dVVr/nlZa/0YmZf8RCWz/BQNv/1UuZv+eVlv/Lxlv/5BOXv8lFHD/Nh1t/14zZf+aVFv/rV5Z/6hbWf+nW1n/p1tZ/6RZWf95Qlr/ZDZZ/2Q2V/9kNlX/ZDZT/2Q2U/9kNlL/ZDZR/3U/U/+oW1f/rV5Y/7FgWP+hV1f/hEdV/1ItUv8ZDU7/MRpP/6tdV/o1HU+InlVXerRhWC8AAAAAAAAAAAAAAAAAAAAAtGFYVq1eWHuYU1fBrF1Y/ykWU/8AAFL/AABU/wAAVf8AAFT/AABU/wAAVP8AAFX/AABV/wAAVv8AAFb/AABW/wAAWf8AAF3/AABe/wAAXv8AAGD/Fgxi/207Xv+lWlr/nlZb/2M2ZP9LKWn/oVdb/4dJX/+eVlv/hUhg/7BfWP+vX1n/fENg/1YuY/8cD2b/Gg5m/xoOZP8aDmD/CAVe/wAAWv8AAFb/AABR/wAATv8AAEz/AABK/wAAR/8HBEn/Gg5N/y8aT/9iNVP/YDRT/4FGVP+3ZFj/oVdX/180U/+sXVj+lVFWtqVZV3u0YVhhAAAAALRhWAW0YVgPtWJZBLNhWFO2Y1iCjUxWo7RhWPxPK1T/AABS/wAAU/8AAFT/AABV/wAAVP8AAFP/AABS/wAAU/8AAFb/AABW/wAAVf8AAFb/AABZ/wAAW/8AAFz/AABe/wAAYf8IBGb/MRtl/2I1Yv+bVFv/pVla/7FgWP+0Ylj/tGJY/6JYW/9jNWX/NR1s/wkFcP8AAG3/AABp/wAAaP8AAGb/AABh/wAAXv8AAFr/AABW/wAAUv8AAE//AABM/wAASv8AAEn/AABK/wAATf8AAE7/AABN/wAATP9AI1D/tGFY/7FgWPe1Yljus2FY/rRhWLezYVh4tGFYZAAAAAC0YVgqs2FYa7NhWEe0YVjds2FY15xUV8OyYVj8d0FW/wUDUv8AAFL/AABS/wAAUv8AAFP/AABT/wAAUv8AAFL/AABU/wAAVP8AAFT/AABV/wAAVv8AAFn/AABa/wAAXf8AAGH/AABl/wAAaf8CAW3/KBZt/0wpaf+sXVn/s2FY/7RiWP+OTV7/YTRl/zcea/8VC27/AQBu/wAAa/8AAGj/AABl/wAAYf8AAF3/AABa/wAAV/8AAFT/AABQ/wAATf8AAEv/AABK/wAAS/8AAEz/AABM/wAAS/8AAEz/EAlO/6BXV/+VUVbRrV5YjrNhWKG0YVhKtGFYObRhWDkAAAAAtGFYL7NhWHquXlh/tGFY+qhbWP+sXVj/tGJY/6JYV/8iE1P/Gw5T/xYMUf8BAU//AABQ/wAAUv8AAFL/AABT/wAAUv8AAFP/AABU/wAAVf8AAFf/AABZ/wAAW/8AAF7/AABi/wkFZv8eEGf/XDJi/5tUW/+lWVr/qVta/7ViWP+2Y1j/iUpe/5lTXP+kWVr/nlVb/1wyY/8LBmr/AABn/wAAY/8AAF//AABc/wAAWv8AAFj/AABW/wAAU/8AAE//AABM/wAATf8AAEz/AABL/wAASf8AAEr/AABM/wgEUP+TUFf/r19Y9KtdWIa0YVhws2FYEQAAAAAAAAAAAAAAALRhWCC4ZFh1RyZXfJxUWNdrOlj/NR1W/31DV/+fVlf/qFtY/6hbV/+bVFf/aDlU/1YvU/8fEVH/HA9R/xwPUv8cD1L/HA9T/xwPVP8cD1b/HA9Z/1owWf9nN1n/Zzdb/2Y3Xf99RFz/qlxZ/6xdWf+YUlv/Vi9k/2w7Yv+GSV//hEhf/4FGYP8YDXD/NR1q/1wyY/+pW1n/gUZd/zAaYf8AAGH/AABd/wAAXf8AAFz/AABb/wAAWf8AAFb/AABT/wAAUP8AAE7/AABN/wAAS/8AAEr/AABL/wAATP8BAE//UixU/7JgWPl6QlaHtWJYd7NhWBQAAAAAAAAAAAAAAAAAAAAAtWJYZ3ZAV3tuO1eypFlY/hQLVf8IBFT/FgxU/00qVv9ZMFX/m1RX/51VV/+tXlj/qlxX/6pcWP+qXFj/qlxX/6pcV/+qXFj/qlxY/6pcWP+1Ylj/r19Y/55WWf+eVln/mlNa/1oxX/80HGP/DQdo/xIKav+cVFv/XzRk/zMca/+lWVr/OR9r/wAAcf8CAW//Mxxn/39FXP+cVFn/XzNc/woFXf8AAF//AABf/wAAXf8AAFz/AABa/wAAV/8AAFP/AABP/wAATP8AAEv/AABL/wAAS/8AAEz/AABO/0spU/+yYFj5bTtVh7ZiWHezYVgUAAAAAAAAAAAAAAAAAAAAALRhWDmtXlh6PCFWhKlcWPBPK1b/AABT/wAAU/8AAFP/AgFR/w0HUP8MBlD/Nx5S/0spU/9LKFP/SyhU/0soVP9LKFb/SyhZ/0soWf9LKFr/Syhb/zYdXv8NB2L/DQdi/wwHY/8CAWX/AABl/wAAZv8bD2b/pVlZ/2E0Yv8UC23/nFVb/180ZP8DAXD/AABt/wAAaf8HBGP/QCNd/6pcWP91QFr/CgZe/wAAXv8AAFz/AABc/wAAW/8AAFj/AABV/wAAUP8AAEz/AABL/wAAS/8AAEv/AABL/wAATv9LKVL/smBY+W07VIe2Ylh3s2FYFAAAAAAAAAAAAAAAAAAAAAC0YVgMuWRYaEgnVXt0P1a4hUhW/gYDUf8AAFH/AABR/wAAUP8AAE//AABQ/wAAUf8AAFH/AABR/wAAUf8AAFL/AABV/wAAWf8AAFz/AABe/wAAX/8AAGH/AABj/wAAY/8AAGT/AABl/wAAZP8DAWX/WjFf/6RZWv8uGWb/AQBs/2Q2Yf+dVVv/Dwhr/wAAav8AAGX/AABh/wEBXv8xGlz/gUZZ/3ZAWv8aDlz/AABb/wAAW/8AAFv/AABa/wAAV/8AAFP/AABP/wAAS/8AAEv/AABM/wAATf8AAE7/SylS/7JgWPltO1SHtmJYd7NhWBQAAAAAAAAAAAAAAAAAAAAAAAAAALRhWDaYUld6JhRRhKRZV+83HVH/AABO/wAATv8AAE//AABR/wAAUv8AAFP/AABT/wAAUv8AAFL/AABT/wAAVv8AAFr/AABe/wAAX/8AAGH/AABi/wAAYv8AAGT/AABj/wAAY/8AAGT/GQ1k/5ZRWv81HWL/AABn/wAAaP8yG2T/pVlZ/zkfY/8AAGb/AABi/wAAXv8AAF3/AABc/w8IW/+ARVn/o1hY/zUdWv8AAFv/AABb/wAAW/8AAFr/AABX/wAAUf8AAE7/AABM/wAATf8AAE3/AABO/0spUv+yYFj5bTtUh7ZiWHezYVgUAAAAAAAAAAAAAAAAAAAAAAAAAACyYFgNtmNYZUooUnuBRlXDhkhV/wYDTf8AAEz/AABO/wAAUf8AAFP/AABT/wAAVf8AAFT/AABT/wAAU/8AAFf/AABb/wAAXv8AAGD/AABh/wAAYv8AAGP/AABk/wAAY/8AAGP/AgFl/1kwX/+oW1n/Gw9k/wAAZ/8AAGb/Gg5l/6dbWf9QK1//AABj/wAAYf8AAF7/AABd/wAAXP8AAFv/Dghb/1YuWv+mWlj/NR1b/wAAXf8AAF3/AABc/wAAWf8AAFX/AABR/wAATv8AAE7/AABN/wAATf9LKVH/smBY+W07U4e2Ylh3s2FYFAAAAAAAAAAAAAAAAAAAAAAAAAAAAAAAALRiWFCaU1Z7UCtRmqxdV/s3Hk//AABM/wAATP8AAE7/AABR/wAAUv8AAFP/AABS/wAAU/8AAFT/AABX/wAAWv8AAF7/AABf/wAAYP8AAGH/AABh/wAAYv8AAGL/AABl/xcMZf+eVlr/cD1e/wkFZv8AAGj/AABo/xoOZf+mWln/g0db/wkFY/8AAGL/AABf/wAAXP8AAFv/AABa/wAAWv8LBlr/fENZ/5xVWf80HFz/AABe/wAAXP8AAFr/AABW/wAAUv8AAFD/AABP/wAATP8CAUz/WTFS/7FgWPlsO1OItmJYd7NhWBQAAAAAAAAAAAAAAAAAAAAAAAAAAAAAAACzYVgetGFYdlMtUX+JSlXLh0lV/hIKTf8AAEz/AABM/wAATv8AAFD/AABQ/wAAUP8AAFL/AABU/wAAVv8AAFj/AABc/wAAXv8AAGD/AABf/wAAYP8AAGD/AABj/xEJZP+FSFz/f0Vd/wkFaP8AAGj/AABq/wAAav8IBWj/eUJd/55WWv8OCGb/AABl/wAAYf8AAFz/AABa/wAAWv8AAFr/AABa/wIBXP9DJFz/p1pZ/zQcXP8AAFv/AABZ/wAAVv8AAFP/AABR/wAATv8AAEz/CQVM/5xVVv+WUVbWgEVUf7ViWHSzYVgTAAAAAAAAAAAAAAAAAAAAAAAAAAAAAAAAs2FYBLRiWECdVVd6PSFQh6tdV+9ZMFL/AgFK/wAASf8AAEz/AABO/wAAUP8AAFD/AABR/wAAU/8AAFT/AABX/wAAWf8AAFv/AABc/wAAXv8AAF7/AABe/xAJYP+ESFv/olha/zEbZf8AAGr/AABs/wAAbf8AAG3/AABr/2Q2YP+jWVn/GQ5m/wAAZv8AAGP/AABf/wAAXf8AAFv/AABc/wAAXf8AAF7/DQdd/4JGWv+lWVj/JBNb/wAAWP8AAFX/AABS/wAAUP8AAE7/AABO/wkFTf+dVVb/iEpVxa1eWHuzYVhRsmFYAwAAAAAAAAAAAAAAAAAAAAAAAAAAAAAAAAAAAAC0YVgKtWJYaHM+U3tQLFCeq11X+kIkTv8CAUj/AABK/wAATf8AAE7/AABQ/wAAUf8AAFP/AABV/wAAVv8AAFf/AABY/wAAWf8AAFv/AABb/w8IXP+ESFr/o1hZ/zIbY/8AAGn/AABs/wAAb/8AAHD/AABv/wAAbv8zG2f/rl5Z/00qYf8AAGf/AABk/wAAYP8AAF7/AABe/wAAXv8AAF//AABf/wAAX/8OB1//gkZa/3ZAWf8IBVf/AABU/wAAUf8AAE//AABO/wAATf8UC07/oVhX/n1DVburXVh7s2FYSQAAAAAAAAAAAAAAAAAAAAAAAAAAAAAAAAAAAAAAAAAAAAAAALRhWBi1Ylh2aTlSgI1MVc2tXlf+QSNN/wIBSf8AAEz/AABN/wAATv8AAFH/AABU/wAAVf8AAFX/AABX/wAAV/8AAFj/AABZ/wEBWP9TLVr/sF9Y/zkfYP8AAGX/AABo/wAAbP8AAHD/AABy/wAAcv8AAHH/Gw9s/6lcWf9NKmL/AABp/wAAZv8AAGP/AABh/wAAYP8AAF//AABe/wAAXv8AAF//AABf/yISXv+sXVj/QSNY/wAAVP8AAFH/AABO/wAATP8AAEz/SShR/7JhWPg9IVCKrV5YerNhWD0AAAAAAAAAAAAAAAAAAAAAAAAAAAAAAAAAAAAAAAAAAAAAAAC0YlkDtGFYR7RiWHpoOVGBjk1Vzq1eV/4/Ik7/AgFK/wAAS/8AAE3/AABP/wAAU/8AAFT/AABW/wAAV/8AAFf/AABX/wEBVv9BI1f/rF1Y/3I+Wv8KBWH/AABj/wAAZ/8AAGz/AABw/wAAcv8AAHL/AABy/xsPbP+pXFn/TSph/wAAaP8AAGb/AABk/wAAY/8AAGL/AABf/wAAXP8AAFv/AABe/wAAX/8EAl3/cj5a/5BOWP8JBVX/AABQ/wAATf8AAEv/EAlM/4dJVf+VUFbWaTlTgLRiWHa0YlkMAAAAAAAAAAAAAAAAAAAAAAAAAAAAAAAAAAAAAAAAAAAAAAAAAAAAALNhWAG0YVhGtGJYemo5UoGPTVTPrV5X/T4iT/8CAUz/AABN/wAATv8AAFH/AABR/wAAVP8AAFX/AABW/xAJVf9IJ1X/rF1Y/3M+WP8KBVr/AABd/wAAYP8AAGT/AABp/wAAbf8AAHD/AABx/wAAb/8bD2r/qVxZ/00qYP8AAGb/AABm/wAAZf8AAGP/AABh/wAAXv8AAFr/AABZ/wAAXP8AAF//AABe/w4IXP+CR1n/bTtW/wEAUf8AAE7/AgFN/1YvUv+zYVj6XTJSn5NPVnu0YVhVtGJZBAAAAAAAAAAAAAAAAAAAAAAAAAAAAAAAAAAAAAAAAAAAAAAAAAAAAAAAAAAAwGheAbRhWEe0Ylh6bDpSgpBOVc+tXlf9SCdQ/w4ITv8AAE7/AABO/wAATv8AAFH/AgFT/yUUVf+GSVf/p1pX/2w6Vv8KBVX/AABX/wAAWf8AAF3/AABi/wAAZ/8AAGr/AABt/wAAbf8AAGv/Gw9n/6lcWf9NKl//AABj/wAAYv8AAGP/AABh/wAAX/8AAFz/AABZ/wAAWf8AAFr/AABd/wAAXf8AAF3/JRRa/55WWP8hElT/AABQ/woFT/+ZU1f/lFBW1nhBVIGzYVh3tGFYHwAAAAAAAAAAAAAAAAAAAAAAAAAAAAAAAAAAAAAAAAAAAAAAAAAAAAAAAAAAAAAAAAAAAACxYFcCs2FYR7RiWHltO1OCj05VyLBgWPOARVX/JxVP/wIBTf8CAU3/EwpQ/0koVP+uXlj/jk1W/zEaU/8AAFL/AABU/wAAVf8AAFj/AABc/wAAYv8AAGX/AABo/wAAa/8AAGv/AABq/xsPZv+pXFn/TSpe/wAAYf8AAF//AABg/wAAX/8AAF7/AABb/wAAWf8AAFn/AABa/wAAXP8AAFz/AABb/wcEWf+KS1j/aTlW/wAAUv8zG1P/q11Y+VwyU6CxYFh7s2FYVrdjWgMAAAAAAAAAAAAAAAAAAAAAAAAAAAAAAAAAAAAAAAAAAAAAAAAAAAAAAAAAAAAAAAAAAAAAAAAAALNhWAOzYVhHsWBYc5pTVntzP1Ohq11X765eWP1IJ1H/SylR/5ZRVv+0YVj/cT5U/wgFUP8AAFH/AABT/wAAVf8AAFf/AABZ/wAAXP8AAGD/AABk/wAAZ/8AAGj/AABo/wAAZ/8uGWL/plpZ/zsgXf8AAF7/AABc/wAAXP8AAFv/AABb/wAAW/8AAFn/AABZ/wAAWv8AAFr/AABZ/wIBWP8/Ilf/rV1Y/4xMWP8aDlX/iUpX/5VRV9dJKFSBtGJYd7NhWB8AAAAAAAAAAAAAAAAAAAAAAAAAAAAAAAAAAAAAAAAAAAAAAAAAAAAAAAAAAAAAAAAAAAAAAAAAAAAAAAAAAAAAs2FYBbNhWCC0Ylh4qlxXopVRVrOpW1futmNY/7RiWP+LTFT/PCFN/wgETP8AAE7/AABQ/wAAUf8AAFP/AABW/wAAWP8AAFv/AABd/wAAX/8AAGL/AABj/wAAZP8AAGP/Zjdc/59WWf8NB1z/AABb/wAAWv8AAFj/AABY/wAAWf8AAFj/AABY/wAAWf8AAFj/AABY/wIBV/8/Ilj/rV5Y/aVZV+qxYFj/d0BX/7NhWPhbMVWhjk1Xe7NhWFqpW1MAAAAAAAAAAAAAAAAAAAAAAAAAAAAAAAAAAAAAAAAAAAAAAAAAAAAAAAAAAAAAAAAAAAAAAAAAAAAAAAAAAAAAAAAAAAC0YVgus2FYz7JhWP2wX1j/iUpT/2Y3T/8sGEj/BwRG/wAAR/8AAEr/AABM/wAATv8AAFD/AABS/wAAU/8AAFb/AABZ/wAAWf8AAFv/AABd/wAAXv8AAF//AABf/2Q2W/+gVlj/DghZ/wAAWf8AAFj/AABX/wAAV/8AAFf/AABX/wAAWP8AAFf/AABW/wIBVf8/Ilb/rV5Y/Y9NWM5/RVijs2FY/bZiWP6lWVjYdD5XgLZiWHe0YVgjAAAAAAAAAAAAAAAAAAAAAAAAAAAAAAAAAAAAAAAAAAAAAAAAAAAAAAAAAAAAAAAAAAAAAAAAAAAAAAAAAAAAAAAAAACzYVgZs2FYaLNhWNWgV1b7XzRP/xwPSP8CAUT/AABF/wAARv8AAEj/AABL/wAATf8AAE7/AABQ/wAAUf8AAFP/AABU/wAAVv8AAFf/AABY/wAAWv8AAFr/AABb/wgFWv96Qlj/hUhY/wkFV/8AAFf/AABX/wAAVv8AAFb/AABV/wAAVf8AAFT/AABT/wYDU/8/IlX/rV5Y/Y5NV85pOViCs2FYhbNhWN2zYVjsrV5YmKZaWHuzYVhfAAAAAAAAAAAAAAAAAAAAAAAAAAAAAAAAAAAAAAAAAAAAAAAAAAAAAAAAAAAAAAAAAAAAAAAAAAAAAAAAAAAAAAAAAAAAAAAAtGFYZbRiWHudVVaAnlZWvK5eV+2dVVb6Vi9P/xQLSP8CAUf/AABJ/wAATP8AAE3/AABO/wAAUf8AAFH/AABS/wAAU/8AAFT/AABV/wAAVf8AAFb/AABX/wAAVv8aDlX/qFtY/00qVv8AAFb/AABX/wAAV/8AAFf/AABW/wAAVP8AAFP/AABS/xAJUv9+RFb/rF1Y/o5NV85nOFeCtGFYebNhWEy0YVhNs2FYgrNhWHuzYVh3s2FYJgAAAAAAAAAAAAAAAAAAAAAAAAAAAAAAAAAAAAAAAAAAAAAAAAAAAAAAAAAAAAAAAAAAAAAAAAAAAAAAAAAAAAAAAAAAAAAAALRhWCS2Ylhfh0lUe2k5UHs/IkyLVC1OophTVdegV1b9Vi5P/zMcTP8KBUr/AgFL/wAATf8AAE//AABQ/wAAUf8AAFH/AABR/wAAUv8AAFH/AABR/wAAUv8AAFH/NBxT/5pTV/8aDlT/AABU/wAAVv8AAFf/AABX/wAAVv8AAFT/BgNS/xQLUf+FSFb/rV5Y84RIVr9lN1aBtGFYerNhWEq1YlkEt2NaALViWR60YVh0tGFYOQAAAAAAAAAAAAAAAAAAAAAAAAAAAAAAAAAAAAAAAAAAAAAAAAAAAAAAAAAAAAAAAAAAAAAAAAAAAAAAAAAAAAAAAAAAAAAAAAAAAAAAAAAAs2FYDLNhWD2zYVhusF9Ydm48UXslFEmAeEFSu6tdV/CqXFf4nFRW/lkwUf9KKFD/FQtM/wkFTP8JBU//AgFP/wAAT/8AAE//AABO/wEATv8IBE7/CQVO/2Y3VP+ESFb/CgVQ/wAAUf8AAFP/AABV/wAAVf8AAFX/EQlT/4BGVv+gVlf+llFX2GI1VZ6eVld7tGJYerNhWEm0YlkDAAAAAAAAAACzYVgCtGFYGwAAAAAAAAAAAAAAAAAAAAAAAAAAAAAAAAAAAAAAAAAAAAAAAAAAAAAAAAAAAAAAAAAAAAAAAAAAAAAAAAAAAAAAAAAAAAAAAAAAAAAAAAAAAAAAAAAAAAAAAAAAs2FYALNhWB2zYVhUsWBYem07UXtiNVGIMxxNi3lBU7yFSFXGq11X755VVvicVFb7nFVW/1syU/9OKlL/TipR/04qUf9VLlD/llFW/59WV/+sXVj/Uy1S/wAATf8AAE3/AABP/wAAUf8GA1P/Nh1V/4dJV/+xYFj7j01XzC8ZUoCeVld7s2FYbrNhWDG0YlkCAAAAAAAAAAAAAAAAAAAAAAAAAAAAAAAAAAAAAAAAAAAAAAAAAAAAAAAAAAAAAAAAAAAAAAAAAAAAAAAAAAAAAAAAAAAAAAAAAAAAAAAAAAAAAAAAAAAAAAAAAAAAAAAAAAAAAAAAAAAAAAAAAAAAAAAAAAAAAAAAtGFYBbNhWDizYVhusmBYdbBfWHpxPVN7XDJRe0UlT4crF02JUixRnYZJVsaqXFfvsWBY+bFgWPmgV1bigkdUwoRIVcOdVVbhoVdX/xgNTP8AAEr/AABK/wUDS/82HVD/hUhW/6xdWPuUUFfVajlWnKVZV4CvX1h5s2FYTrJhWBgAAAAAAAAAAAAAAAAAAAAAAAAAAAAAAAAAAAAAAAAAAAAAAAAAAAAAAAAAAAAAAAAAAAAAAAAAAAAAAAAAAAAAAAAAAAAAAAAAAAAAAAAAAAAAAAAAAAAAAAAAAAAAAAAAAAAAAAAAAAAAAAAAAAAAAAAAAAAAAAAAAAAAAAAAAAAAAAAAAAAAs2FYCLNhWAmzYVg5tGJYRLViWGatXld2p1pXd6hbV3qHSVV7YjVThGU3U4ZmN1KGXDJRgV0yUXulWleLtWJY618zUP8UC0n/TipO/1QuT/+FSFT/rV5X+5NQV9VRLFWaVi5Vf6BXV3u0YVh2s2FYQ7JgVwIAAAAAAAAAAAAAAAAAAAAAAAAAAAAAAAAAAAAAAAAAAAAAAAAAAAAAAAAAAAAAAAAAAAAAAAAAAAAAAAAAAAAAAAAAAAAAAAAAAAAAAAAAAAAAAAAAAAAAAAAAAAAAAAAAAAAAAAAAAAAAAAAAAAAAAAAAAAAAAAAAAAAAAAAAAAAAAAAAAAAAAAAAAAAAAAAAAAAAAAAAAAAAAAC0YVgKs2FYELNhWBWzYVhGtWJYXbZiWHi2Ylh4tmJYeLdjWFq2Y1hYs2FYx7NhWP+tXlj/qVtX/rBfWPqqXFfwgEVUwlEsUZpSLFN+m1RXe7RiWHW0YVhRs2FYHLRhWAQAAAAAAAAAAAAAAAAAAAAAAAAAAAAAAAAAAAAAAAAAAAAAAAAAAAAAAAAAAAAAAAAAAAAAAAAAAAAAAAAAAAAAAAAAAAAAAAAAAAAAAAAAAAAAAAAAAAAAAAAAAAAAAAAAAAAAAAAAAAAAAAAAAAAAAAAAAAAAAAAAAAAAAAAAAAAAAAAAAAAAAAAAAAAAAAAAAAAAAAAAAAAAAAAAAAAAAAAAAAAAAAAAAAAAAAAAALVhWAizYVgYs2FYF7NhWBi0YVgGAAAAALNhWEu0YVi2m1RVvXA9UbRDJE2GQiRNgEkoT3uaU1Z7tmNYdLRhWFKzYVgcs2FYAwAAAAAAAAAAAAAAAAAAAAAAAAAAAAAAAAAAAAAAAAAAAAAAAAAAAAAAAAAAAAAAAAAAAAAAAAAAAAAAAAAAAAAAAAAAAAAAAAAAAAAAAAAAAAAAAAAAAAAAAAAAAAAAAAAAAAAAAAAAAAAAAAAAAAAAAAAAAAAAAAAAAAAAAAAAAAAAAAAAAAAAAAAAAAAAAAAAAAAAAAAAAAAAAAAAAAAAAAAAAAAAAAAAAAAAAAAAAAAAAAAAAAAAAAAAAAAAAAAAAAAAAAAAAAAAALJgWASzYVhCs2FYeKNYVnuMTFR7r19YerlkWHq4ZFhns2FYVbRhWB23Y1oCAAAAAAAAAAAAAAAAAAAAAAAAAAAAAAAAAAAAAAAAAAAAAAAAAAAAAAAAAAAAAAAAAAAAAAAAAAAAAAAAAAAAAAAAAAAAAAAAAAAAAAAAAAAAAAAAAAAAAAAAAAAAAAAAAAAAAAAAAAAAAAAAAAAAAAAAAAAAAAAAAAAAAAAAAAAAAAAAAAAAAAAAAAAAAAAAAAAAAAAAAAAAAAAAAAAAAAAAAAAAAAAAAAAAAAAAAAAAAAAAAAAAAAAAAAAAAAAAAAAAAAAAAAAAAAAAAAAAAAAAAACzYVgHs2FYSrNhWGizYVhos2FYZrNhWDazYVgns2FYCwAAAAAAAAAAAAAAAAAAAAAAAAAAAAAAAAAAAAAAAAAAAAAAAAAAAAAAAAAAAAAAAAAAAAAAAAAAAAAAAAAAAAAAAAAAAAAAAAAAAAAAAAAAAAAAAAAAAAAAAAAAAAAAAAAAAAAAAAAAAAAAAAAAAAAAAAAAAAAAAAAAAAAAAAAAAAAAAAAAAAAAAAAAAAAAAAAAAAAAAAAAAAAAAAAAAAAAAAAAAAAAAAAAAAAAAAAAAAAAAAAAAAAAAAAAAAAAAAAAAAAAAAAAAAAAAAAAAAAAAAAAAAAAAAAAAAAAAAAAAAAAAAAAAAAAAAAAAAAAAAAAAAAAAAAAAAAAAAAAAAAAAAAAAAAAAAAAAAAAAAAAAAAAAAAAAAAAAAAAAAAAAAAAAAAAAAAAAAAAAAAAAAAAAAAAAAAAAAAAAAAAAAAAAAAAAAAAAAAAAAAAAAAAAAAAAAAAAAAAAAAAAAAAAAAAAAAAAAAAAAAAAAAAAAAAAAAAAAAAAAAAAAAAAAAAAAAAAAAAAAAAAAAAAAAAAAAAAAAAAAAAAAAAAAAAAAAAAAAAAAAAAAAAAAAAAAAAAAAAAAAAAAAAAAAAAAAAAAAAAAAAAAAAAAAAAAAAAAAAAAAAAAAAAAAAAAAAAAAAAAAAAAAAAAAAAAAAAAAAAAAAAAAAAAAAAAAAAAAAAAAAAAAAAAAAAAAAAAAAAAAAAAAAAAAAAAAAAAAAAAAAAAAAAAAAAAAAAAAAAAAAAAAAAAAAAAAAAAAAAAAAAAAAAAAAAAAAAAAAAAAAAAAAAAAAAAAAAAAAAAAAAAAAAAAAAAAAAP/////////////////////////8/////////8B/////////AD////////wAAP//////8AAAB//////gAAAA/////4AAAAB/////AAAAAA///+YAAAAAB///wAAAAAAH///AAAAAAA///4AAAAAAH///gAAAAAAH//8AAAAAAAP//wAAAAAAAf/+AAAAAAAA//4AAAAAAAB//gAAAAAAAH/8AAAAAAAAP/wAAAAAAAAf/AAAAAAAAB/8AAAAAAAAD/wAAAAAAAAP/AAAAAAAAA/8AAAAAAAAB/wAAAAAAAAH/AAAAAAAAAP8AAAAAAAAA/gAAAAAAAAD8AAAAAAAAAfwAAAAAAAAD/AAAAAAAAAP8AAAAAAAAA/wAAAAAAAAD/gAAAAAAAAP+AAAAAAAAA/8AAAAAAAAD/wAAAAAAAAP/gAAAAAAAB/+AAAAAAAAH/8AAAAAAAAf/wAAAAAAAB//gAAAAAAAH//AAAAAAAA//+AAAAAAAD//8AAAAAAAf//8AAAAAAB///wAAAAAAP//+AAAAAAA///4AAAAAAH///gAAAAAO////gAAAAB/////gAAAAf/////gAAAD//////4AAAf//////+EAP////////wD/////////g///////////////////////////////////////////////"/>
      <UseXPManifest Value="True"/>
    </General>
    <i18n>
      <EnableI18N Value="True"/>
      <OutDir Value="language"/>
    </i18n>
    <VersionInfo>
      <UseVersionInfo Value="True"/>
      <CurrentMajorRevNr Value="4"/>
      <ProjectVersion Value="0.4.0.0"/>
      <FileDescription Value="Double Commander is a cross platform open source file manager with two panels side by side"/>
      <InternalName Value="DOUBLECMD"/>
      <LegalCopyright Value="Copyright (C) 2006-2008  Koblov Alexander"/>
      <ProductName Value="Double Commander"/>
    </VersionInfo>
    <PublishOptions>
      <Version Value="2"/>
      <DestinationDirectory Value="$(TestDir)\publishedproject\"/>
      <IncludeFileFilter Value="*.(pas|pp|inc|lfm|lpr|lrs|lpi|lpk|sh|xml)"/>
      <ExcludeFileFilter Value="*.(bak|ppu|ppw|o|so);*~;backup"/>
    </PublishOptions>
    <RunParams>
      <local>
        <FormatVersion Value="1"/>
        <LaunchingApplication PathPlusParams="\usr\X11R6\bin\xterm -T 'Lazarus Run Output' -e $(LazarusDir)\tools\runwait.sh $(TargetCmdLine)"/>
      </local>
    </RunParams>
    <RequiredPackages Count="4">
      <Item1>
        <PackageName Value="KASComp"/>
        <MinVersion Major="1" Release="1" Build="1" Valid="True"/>
      </Item1>
      <Item2>
        <PackageName Value="LCL"/>
        <MinVersion Major="1" Valid="True"/>
      </Item2>
      <Item3>
        <PackageName Value="SynEdit"/>
        <MinVersion Major="1" Valid="True"/>
      </Item3>
      <Item4>
        <PackageName Value="viewerpackage"/>
      </Item4>
    </RequiredPackages>
    <Units Count="37">
      <Unit0>
        <Filename Value="doublecmd.lpr"/>
        <IsPartOfProject Value="True"/>
        <UnitName Value="doublecmd"/>
      </Unit0>
      <Unit1>
        <Filename Value="fconfigtoolbar.pas"/>
        <ComponentName Value="frmConfigToolBar"/>
        <HasResources Value="True"/>
        <IsPartOfProject Value="True"/>
        <ResourceFilename Value="fconfigtoolbar.lrs"/>
        <UnitName Value="fConfigToolBar"/>
      </Unit1>
      <Unit2>
        <Filename Value="fmain.pas"/>
        <ComponentName Value="frmMain"/>
        <HasResources Value="True"/>
        <IsPartOfProject Value="True"/>
        <ResourceBaseClass Value="Form"/>
        <ResourceFilename Value="fmain.lrs"/>
        <UnitName Value="fMain"/>
      </Unit2>
      <Unit3>
        <Filename Value="uwcxprototypes.pas"/>
        <IsPartOfProject Value="True"/>
        <UnitName Value="uWCXprototypes"/>
      </Unit3>
      <Unit4>
        <Filename Value="fviewer.pas"/>
        <ComponentName Value="frmViewer"/>
        <HasResources Value="True"/>
        <IsPartOfProject Value="True"/>
        <ResourceBaseClass Value="Form"/>
        <ResourceFilename Value="fviewer.lrs"/>
        <UnitName Value="fViewer"/>
      </Unit4>
      <Unit5>
        <Filename Value="feditor.pas"/>
        <ComponentName Value="frmEditor"/>
        <HasResources Value="True"/>
        <IsPartOfProject Value="True"/>
        <ResourceBaseClass Value="Form"/>
        <ResourceFilename Value="feditor.lrs"/>
        <UnitName Value="fEditor"/>
      </Unit5>
      <Unit6>
        <Filename Value="fMsg.pas"/>
        <ComponentName Value="frmMsg"/>
        <HasResources Value="True"/>
        <IsPartOfProject Value="True"/>
        <ResourceFilename Value="fMsg.lrs"/>
        <UnitName Value="fMsg"/>
      </Unit6>
      <Unit7>
        <Filename Value="dmdialogs.pas"/>
        <ComponentName Value="dmDlg"/>
        <HasResources Value="True"/>
        <IsPartOfProject Value="True"/>
        <ResourceFilename Value="dmdialogs.lrs"/>
        <UnitName Value="dmDialogs"/>
      </Unit7>
      <Unit8>
        <Filename Value="dmhigh.pas"/>
        <ComponentName Value="dmHighl"/>
        <HasResources Value="True"/>
        <IsPartOfProject Value="True"/>
        <ResourceFilename Value="dmhigh.lrs"/>
        <UnitName Value="dmHigh"/>
      </Unit8>
      <Unit9>
        <Filename Value="feditorconf.pas"/>
        <ComponentName Value="frmEditorConf"/>
        <HasResources Value="True"/>
        <IsPartOfProject Value="True"/>
        <ResourceFilename Value="feditorconf.lrs"/>
        <UnitName Value="fEditorConf"/>
      </Unit9>
      <Unit10>
        <Filename Value="ffindview.pas"/>
        <ComponentName Value="frmFindView"/>
        <HasResources Value="True"/>
        <IsPartOfProject Value="True"/>
        <ResourceFilename Value="ffindview.lrs"/>
        <UnitName Value="fFindView"/>
      </Unit10>
      <Unit11>
        <Filename Value="fAbout.pas"/>
        <ComponentName Value="frmAbout"/>
        <HasResources Value="True"/>
        <IsPartOfProject Value="True"/>
        <ResourceFilename Value="fAbout.lrs"/>
        <UnitName Value="fAbout"/>
      </Unit11>
      <Unit12>
        <Filename Value="foptions.pas"/>
        <ComponentName Value="frmOptions"/>
        <HasResources Value="True"/>
        <IsPartOfProject Value="True"/>
        <ResourceBaseClass Value="Form"/>
        <ResourceFilename Value="foptions.lrs"/>
        <UnitName Value="fOptions"/>
      </Unit12>
      <Unit13>
        <Filename Value="fFileOpDlg.pas"/>
        <ComponentName Value="frmFileOp"/>
        <HasResources Value="True"/>
        <IsPartOfProject Value="True"/>
        <ResourceFilename Value="fFileOpDlg.lrs"/>
        <UnitName Value="fFileOpDlg"/>
      </Unit13>
      <Unit14>
        <Filename Value="fmkdir.pas"/>
        <ComponentName Value="frmMkDir"/>
        <HasResources Value="True"/>
        <IsPartOfProject Value="True"/>
        <ResourceFilename Value="fmkdir.lrs"/>
        <UnitName Value="fMkDir"/>
      </Unit14>
      <Unit15>
        <Filename Value="fCopyDlg.pas"/>
        <ComponentName Value="frmCopyDlg"/>
        <HasResources Value="True"/>
        <IsPartOfProject Value="True"/>
        <ResourceFilename Value="fCopyDlg.lrs"/>
        <UnitName Value="fCopyDlg"/>
      </Unit15>
      <Unit16>
        <Filename Value="fcomparefiles.pas"/>
        <ComponentName Value="frmCompareFiles"/>
        <HasResources Value="True"/>
        <IsPartOfProject Value="True"/>
        <ResourceFilename Value="fcomparefiles.lrs"/>
        <UnitName Value="fCompareFiles"/>
      </Unit16>
      <Unit17>
        <Filename Value="fmovedlg.pas"/>
        <ComponentName Value="frmMoveDlg"/>
        <HasResources Value="True"/>
        <IsPartOfProject Value="True"/>
        <ResourceFilename Value="fmovedlg.lrs"/>
        <UnitName Value="fMoveDlg"/>
      </Unit17>
      <Unit18>
        <Filename Value="fFindDlg.pas"/>
        <ComponentName Value="frmFindDlg"/>
        <HasResources Value="True"/>
        <IsPartOfProject Value="True"/>
        <ResourceBaseClass Value="Form"/>
        <ResourceFilename Value="fFindDlg.lrs"/>
        <UnitName Value="fFindDlg"/>
      </Unit18>
      <Unit19>
        <Filename Value="fhotdir.pas"/>
        <ComponentName Value="frmHotDir"/>
        <HasResources Value="True"/>
        <IsPartOfProject Value="True"/>
        <ResourceFilename Value="fhotdir.lrs"/>
        <UnitName Value="fHotDir"/>
      </Unit19>
      <Unit20>
        <Filename Value="fsymlink.pas"/>
        <ComponentName Value="frmSymLink"/>
        <HasResources Value="True"/>
        <IsPartOfProject Value="True"/>
        <ResourceFilename Value="fsymlink.lrs"/>
        <UnitName Value="fSymLink"/>
      </Unit20>
      <Unit21>
        <Filename Value="fhardlink.pas"/>
        <ComponentName Value="frmHardLink"/>
        <HasResources Value="True"/>
        <IsPartOfProject Value="True"/>
        <ResourceFilename Value="fhardlink.lrs"/>
        <UnitName Value="fHardLink"/>
      </Unit21>
      <Unit22>
        <Filename Value="fmultirename.pas"/>
        <ComponentName Value="frmMultiRename"/>
        <HasResources Value="True"/>
        <IsPartOfProject Value="True"/>
        <ResourceFilename Value="fmultirename.lrs"/>
        <UnitName Value="fMultiRename"/>
      </Unit22>
      <Unit23>
        <Filename Value="fpackdlg.pas"/>
        <ComponentName Value="frmPackDlg"/>
        <HasResources Value="True"/>
        <IsPartOfProject Value="True"/>
        <ResourceFilename Value="fpackdlg.lrs"/>
        <UnitName Value="fPackDlg"/>
      </Unit23>
      <Unit24>
        <Filename Value="flinker.pas"/>
        <ComponentName Value="frmLinker"/>
        <HasResources Value="True"/>
        <IsPartOfProject Value="True"/>
        <ResourceFilename Value="flinker.lrs"/>
        <UnitName Value="fLinker"/>
      </Unit24>
      <Unit25>
        <Filename Value="fsplitter.pas"/>
        <ComponentName Value="frmSplitter"/>
        <HasResources Value="True"/>
        <IsPartOfProject Value="True"/>
        <ResourceFilename Value="fsplitter.lrs"/>
        <UnitName Value="fSplitter"/>
      </Unit25>
      <Unit26>
        <Filename Value="ffileproperties.pas"/>
        <ComponentName Value="frmFileProperties"/>
        <HasResources Value="True"/>
        <IsPartOfProject Value="True"/>
        <ResourceFilename Value="ffileproperties.lrs"/>
        <UnitName Value="fFileProperties"/>
      </Unit26>
      <Unit27>
        <Filename Value="fextractdlg.pas"/>
        <ComponentName Value="frmExtractDlg"/>
        <HasResources Value="True"/>
        <IsPartOfProject Value="True"/>
        <ResourceFilename Value="fextractdlg.lrs"/>
        <UnitName Value="fExtractDlg"/>
      </Unit27>
      <Unit28>
        <Filename Value="ulng.pas"/>
        <IsPartOfProject Value="True"/>
        <UnitName Value="uLng"/>
      </Unit28>
      <Unit29>
        <Filename Value="ffileassoc.pas"/>
        <ComponentName Value="frmFileAssoc"/>
        <HasResources Value="True"/>
        <IsPartOfProject Value="True"/>
        <ResourceFilename Value="ffileassoc.lrs"/>
        <UnitName Value="fFileAssoc"/>
      </Unit29>
      <Unit30>
        <Filename Value="fcolumnssetconf.pas"/>
        <ComponentName Value="fColumnsSetConf"/>
        <IsPartOfProject Value="True"/>
        <ResourceFilename Value="fcolumnssetconf.lrs"/>
        <UnitName Value="fColumnsSetConf"/>
      </Unit30>
      <Unit31>
        <Filename Value="fhackform.pas"/>
        <ComponentName Value="frmHackForm"/>
        <IsPartOfProject Value="True"/>
        <ResourceBaseClass Value="Form"/>
        <ResourceFilename Value="fhackform.lrs"/>
        <UnitName Value="fHackForm"/>
      </Unit31>
      <Unit32>
        <Filename Value="fpackinfodlg.pas"/>
        <ComponentName Value="frmPackInfoDlg"/>
        <HasResources Value="True"/>
        <IsPartOfProject Value="True"/>
        <ResourceBaseClass Value="Form"/>
        <ResourceFilename Value="fpackinfodlg.lrs"/>
        <UnitName Value="fPackInfoDlg"/>
      </Unit32>
      <Unit33>
        <Filename Value="ftweakplugin.pas"/>
        <ComponentName Value="frmTweakPlugin"/>
        <HasResources Value="True"/>
        <IsPartOfProject Value="True"/>
        <ResourceBaseClass Value="Form"/>
        <ResourceFilename Value="ftweakplugin.lrs"/>
        <UnitName Value="fTweakPlugin"/>
      </Unit33>
      <Unit34>
        <Filename Value="udescr.pas"/>
        <IsPartOfProject Value="True"/>
        <UnitName Value="uDescr"/>
      </Unit34>
      <Unit35>
        <Filename Value="fdescredit.pas"/>
        <ComponentName Value="frmDescrEdit"/>
        <IsPartOfProject Value="True"/>
        <ResourceBaseClass Value="Form"/>
        <ResourceFilename Value="fdescredit.lrs"/>
        <UnitName Value="fDescrEdit"/>
      </Unit35>
      <Unit36>
        <Filename Value="ugdiplus.pas"/>
        <IsPartOfProject Value="True"/>
        <UnitName Value="uGdiPlus"/>
      </Unit36>
    </Units>
  </ProjectOptions>
  <CompilerOptions>
    <Version Value="8"/>
    <PathDelim Value="\"/>
    <SearchPaths>
      <IncludeFiles Value="$(LazarusDir)\ide\"/>
      <SrcPath Value="$(LazarusDir)\lcl\;$(LazarusDir)\lcl\interfaces\$(LCLWidgetType)\;$(fpcsrcdir)\packages\fcl-base\src\"/>
    </SearchPaths>
    <Parsing>
      <SyntaxOptions>
        <SyntaxMode Value="Delphi"/>
        <IncludeAssertionCode Value="True"/>
        <UseAnsiStrings Value="True"/>
      </SyntaxOptions>
    </Parsing>
    <CodeGeneration>
      <Optimizations>
        <OptimizationLevel Value="2"/>
      </Optimizations>
    </CodeGeneration>
    <Linking>
      <Debugging>
        <GenerateDebugInfo Value="True"/>
      </Debugging>
    </Linking>
    <Other>
      <CompilerPath Value="$(CompPath)"/>
    </Other>
  </CompilerOptions>
</CONFIG>
