<?xml version="1.0"?>
<CONFIG>
  <ProjectOptions>
    <PathDelim Value="\"/>
    <Version Value="6"/>
    <General>
      <Flags>
        <SaveClosedFiles Value="False"/>
        <MainUnitHasUsesSectionForAllUnits Value="False"/>
      </Flags>
      <SessionStorage Value="InProjectDir"/>
      <MainUnit Value="0"/>
      <IconPath Value=".\"/>
      <TargetFileExt Value=""/>
      <Title Value="Double Commander"/>
    </General>
    <i18n>
      <EnableI18N Value="True"/>
      <OutDir Value="language"/>
    </i18n>
    <PublishOptions>
      <Version Value="2"/>
      <IncludeFileFilter Value="*.(pas|pp|inc|lfm|lpr|lrs|lpi|lpk|sh|xml)"/>
      <ExcludeFileFilter Value="*.(bak|ppu|ppw|o|so);*~;backup"/>
    </PublishOptions>
    <RunParams>
      <local>
        <FormatVersion Value="1"/>
        <LaunchingApplication PathPlusParams="\usr\X11R6\bin\xterm -T 'Lazarus Run Output' -e $(LazarusDir)\tools\runwait.sh $(TargetCmdLine)"/>
      </local>
    </RunParams>
    <RequiredPackages Count="5">
      <Item1>
        <PackageName Value="KASComp"/>
        <MinVersion Major="1" Release="1" Build="1" Valid="True"/>
      </Item1>
      <Item2>
        <PackageName Value="LCL"/>
        <MinVersion Major="1" Valid="True"/>
      </Item2>
      <Item3>
        <PackageName Value="SynEdit"/>
        <MinVersion Major="1" Valid="True"/>
      </Item3>
      <Item4>
        <PackageName Value="viewerpackage"/>
      </Item4>
      <Item5>
        <PackageName Value="imagesforlazarus"/>
      </Item5>
    </RequiredPackages>
    <Units Count="34">
      <Unit0>
        <Filename Value="doublecmd.lpr"/>
        <IsPartOfProject Value="True"/>
        <UnitName Value="doublecmd"/>
      </Unit0>
      <Unit1>
        <Filename Value="fconfigtoolbar.pas"/>
        <ComponentName Value="frmConfigToolBar"/>
        <HasResources Value="True"/>
        <IsPartOfProject Value="True"/>
        <ResourceFilename Value="fconfigtoolbar.lrs"/>
        <UnitName Value="fConfigToolBar"/>
      </Unit1>
      <Unit2>
        <Filename Value="fmain.pas"/>
        <ComponentName Value="frmMain"/>
        <HasResources Value="True"/>
        <IsPartOfProject Value="True"/>
        <ResourceBaseClass Value="Form"/>
        <ResourceFilename Value="fmain.lrs"/>
        <UnitName Value="fMain"/>
      </Unit2>
      <Unit3>
        <Filename Value="uwcxprototypes.pas"/>
        <IsPartOfProject Value="True"/>
        <UnitName Value="uWCXprototypes"/>
      </Unit3>
      <Unit4>
        <Filename Value="fviewer.pas"/>
        <ComponentName Value="frmViewer"/>
        <HasResources Value="True"/>
        <IsPartOfProject Value="True"/>
        <ResourceBaseClass Value="Form"/>
        <ResourceFilename Value="fviewer.lrs"/>
        <UnitName Value="fViewer"/>
      </Unit4>
      <Unit5>
        <Filename Value="feditor.pas"/>
        <ComponentName Value="frmEditor"/>
        <HasResources Value="True"/>
        <IsPartOfProject Value="True"/>
        <ResourceBaseClass Value="Form"/>
        <ResourceFilename Value="feditor.lrs"/>
        <UnitName Value="fEditor"/>
      </Unit5>
      <Unit6>
        <Filename Value="fMsg.pas"/>
        <ComponentName Value="frmMsg"/>
        <HasResources Value="True"/>
        <IsPartOfProject Value="True"/>
        <ResourceFilename Value="fMsg.lrs"/>
        <UnitName Value="fMsg"/>
      </Unit6>
      <Unit7>
        <Filename Value="dmdialogs.pas"/>
        <ComponentName Value="dmDlg"/>
        <HasResources Value="True"/>
        <IsPartOfProject Value="True"/>
        <ResourceFilename Value="dmdialogs.lrs"/>
        <UnitName Value="dmDialogs"/>
      </Unit7>
      <Unit8>
        <Filename Value="dmhigh.pas"/>
        <ComponentName Value="dmHighl"/>
        <HasResources Value="True"/>
        <IsPartOfProject Value="True"/>
        <ResourceFilename Value="dmhigh.lrs"/>
        <UnitName Value="dmHigh"/>
      </Unit8>
      <Unit9>
        <Filename Value="feditorconf.pas"/>
        <ComponentName Value="frmEditorConf"/>
        <HasResources Value="True"/>
        <IsPartOfProject Value="True"/>
        <ResourceFilename Value="feditorconf.lrs"/>
        <UnitName Value="fEditorConf"/>
      </Unit9>
      <Unit10>
        <Filename Value="ffindview.pas"/>
        <ComponentName Value="frmFindView"/>
        <HasResources Value="True"/>
        <IsPartOfProject Value="True"/>
        <ResourceFilename Value="ffindview.lrs"/>
        <UnitName Value="fFindView"/>
      </Unit10>
      <Unit11>
        <Filename Value="fAbout.pas"/>
        <ComponentName Value="frmAbout"/>
        <HasResources Value="True"/>
        <IsPartOfProject Value="True"/>
        <ResourceFilename Value="fAbout.lrs"/>
        <UnitName Value="fAbout"/>
      </Unit11>
      <Unit12>
        <Filename Value="foptions.pas"/>
        <ComponentName Value="frmOptions"/>
        <HasResources Value="True"/>
        <IsPartOfProject Value="True"/>
        <ResourceBaseClass Value="Form"/>
        <ResourceFilename Value="foptions.lrs"/>
        <UnitName Value="fOptions"/>
      </Unit12>
      <Unit13>
        <Filename Value="fFileOpDlg.pas"/>
        <ComponentName Value="frmFileOp"/>
        <HasResources Value="True"/>
        <IsPartOfProject Value="True"/>
        <ResourceFilename Value="fFileOpDlg.lrs"/>
        <UnitName Value="fFileOpDlg"/>
      </Unit13>
      <Unit14>
        <Filename Value="fmkdir.pas"/>
        <ComponentName Value="frmMkDir"/>
        <HasResources Value="True"/>
        <IsPartOfProject Value="True"/>
        <ResourceFilename Value="fmkdir.lrs"/>
        <UnitName Value="fMkDir"/>
      </Unit14>
      <Unit15>
        <Filename Value="fCopyDlg.pas"/>
        <ComponentName Value="frmCopyDlg"/>
        <HasResources Value="True"/>
        <IsPartOfProject Value="True"/>
        <ResourceFilename Value="fCopyDlg.lrs"/>
        <UnitName Value="fCopyDlg"/>
      </Unit15>
      <Unit16>
        <Filename Value="fcomparefiles.pas"/>
        <ComponentName Value="frmCompareFiles"/>
        <HasResources Value="True"/>
        <IsPartOfProject Value="True"/>
        <ResourceFilename Value="fcomparefiles.lrs"/>
        <UnitName Value="fCompareFiles"/>
      </Unit16>
      <Unit17>
        <Filename Value="fmovedlg.pas"/>
        <ComponentName Value="frmMoveDlg"/>
        <HasResources Value="True"/>
        <IsPartOfProject Value="True"/>
        <ResourceFilename Value="fmovedlg.lrs"/>
        <UnitName Value="fMoveDlg"/>
      </Unit17>
      <Unit18>
        <Filename Value="fFindDlg.pas"/>
        <ComponentName Value="frmFindDlg"/>
        <HasResources Value="True"/>
        <IsPartOfProject Value="True"/>
        <ResourceBaseClass Value="Form"/>
        <ResourceFilename Value="fFindDlg.lrs"/>
        <UnitName Value="fFindDlg"/>
      </Unit18>
      <Unit19>
        <Filename Value="fhotdir.pas"/>
        <ComponentName Value="frmHotDir"/>
        <HasResources Value="True"/>
        <IsPartOfProject Value="True"/>
        <ResourceFilename Value="fhotdir.lrs"/>
        <UnitName Value="fHotDir"/>
      </Unit19>
      <Unit20>
        <Filename Value="fsymlink.pas"/>
        <ComponentName Value="frmSymLink"/>
        <HasResources Value="True"/>
        <IsPartOfProject Value="True"/>
        <ResourceFilename Value="fsymlink.lrs"/>
        <UnitName Value="fSymLink"/>
      </Unit20>
      <Unit21>
        <Filename Value="fhardlink.pas"/>
        <ComponentName Value="frmHardLink"/>
        <HasResources Value="True"/>
        <IsPartOfProject Value="True"/>
        <ResourceFilename Value="fhardlink.lrs"/>
        <UnitName Value="fHardLink"/>
      </Unit21>
      <Unit22>
        <Filename Value="fmultirename.pas"/>
        <ComponentName Value="frmMultiRename"/>
        <HasResources Value="True"/>
        <IsPartOfProject Value="True"/>
        <ResourceFilename Value="fmultirename.lrs"/>
        <UnitName Value="fMultiRename"/>
      </Unit22>
      <Unit23>
        <Filename Value="fpackdlg.pas"/>
        <ComponentName Value="frmPackDlg"/>
        <HasResources Value="True"/>
        <IsPartOfProject Value="True"/>
        <ResourceFilename Value="fpackdlg.lrs"/>
        <UnitName Value="fPackDlg"/>
      </Unit23>
      <Unit24>
        <Filename Value="flinker.pas"/>
        <ComponentName Value="frmLinker"/>
        <HasResources Value="True"/>
        <IsPartOfProject Value="True"/>
        <ResourceFilename Value="flinker.lrs"/>
        <UnitName Value="fLinker"/>
      </Unit24>
      <Unit25>
        <Filename Value="fsplitter.pas"/>
        <ComponentName Value="frmSplitter"/>
        <HasResources Value="True"/>
        <IsPartOfProject Value="True"/>
        <ResourceFilename Value="fsplitter.lrs"/>
        <UnitName Value="fSplitter"/>
      </Unit25>
      <Unit26>
        <Filename Value="ffileproperties.pas"/>
        <ComponentName Value="frmFileProperties"/>
        <HasResources Value="True"/>
        <IsPartOfProject Value="True"/>
        <ResourceFilename Value="ffileproperties.lrs"/>
        <UnitName Value="fFileProperties"/>
      </Unit26>
      <Unit27>
        <Filename Value="fextractdlg.pas"/>
        <ComponentName Value="frmExtractDlg"/>
        <HasResources Value="True"/>
        <IsPartOfProject Value="True"/>
        <ResourceFilename Value="fextractdlg.lrs"/>
        <UnitName Value="fExtractDlg"/>
      </Unit27>
      <Unit28>
        <Filename Value="ulng.pas"/>
        <IsPartOfProject Value="True"/>
        <UnitName Value="uLng"/>
      </Unit28>
      <Unit29>
        <Filename Value="ffileassoc.pas"/>
        <ComponentName Value="frmFileAssoc"/>
        <HasResources Value="True"/>
        <IsPartOfProject Value="True"/>
        <ResourceFilename Value="ffileassoc.lrs"/>
        <UnitName Value="fFileAssoc"/>
      </Unit29>
      <Unit30>
        <Filename Value="fcolumnssetconf.pas"/>
        <ComponentName Value="fColumnsSetConf"/>
        <IsPartOfProject Value="True"/>
        <ResourceFilename Value="fcolumnssetconf.lrs"/>
        <UnitName Value="fColumnsSetConf"/>
      </Unit30>
      <Unit31>
        <Filename Value="fhackform.pas"/>
        <ComponentName Value="frmHackForm"/>
        <IsPartOfProject Value="True"/>
        <ResourceBaseClass Value="Form"/>
        <ResourceFilename Value="fhackform.lrs"/>
        <UnitName Value="fHackForm"/>
      </Unit31>
      <Unit32>
        <Filename Value="fpackinfodlg.pas"/>
        <ComponentName Value="frmPackInfoDlg"/>
        <HasResources Value="True"/>
        <IsPartOfProject Value="True"/>
        <ResourceBaseClass Value="Form"/>
        <ResourceFilename Value="fpackinfodlg.lrs"/>
        <UnitName Value="fPackInfoDlg"/>
      </Unit32>
      <Unit33>
        <Filename Value="ftweakplugin.pas"/>
        <ComponentName Value="frmTweakPlugin"/>
        <HasResources Value="True"/>
        <IsPartOfProject Value="True"/>
        <ResourceBaseClass Value="Form"/>
        <ResourceFilename Value="ftweakplugin.lrs"/>
        <UnitName Value="fTweakPlugin"/>
      </Unit33>
    </Units>
  </ProjectOptions>
  <CompilerOptions>
    <Version Value="8"/>
    <PathDelim Value="\"/>
    <SearchPaths>
      <IncludeFiles Value="$(LazarusDir)\ide\"/>
      <SrcPath Value="$(LazarusDir)\lcl\;$(LazarusDir)\lcl\interfaces\$(LCLWidgetType)\;$(fpcsrcdir)\packages\fcl-base\src\"/>
    </SearchPaths>
    <Parsing>
      <SyntaxOptions>
        <SyntaxMode Value="Delphi"/>
        <IncludeAssertionCode Value="True"/>
        <UseAnsiStrings Value="True"/>
      </SyntaxOptions>
    </Parsing>
    <CodeGeneration>
      <Optimizations>
        <OptimizationLevel Value="2"/>
      </Optimizations>
    </CodeGeneration>
    <Linking>
      <Debugging>
        <GenerateDebugInfo Value="True"/>
      </Debugging>
    </Linking>
    <Other>
      <CompilerPath Value="$(CompPath)"/>
    </Other>
  </CompilerOptions>
</CONFIG>
