<?xml version="1.0"?>
<CONFIG>
  <ProjectOptions>
    <PathDelim Value="\"/>
    <Version Value="5"/>
    <General>
      <Flags>
        <SaveClosedFiles Value="False"/>
      </Flags>
      <MainUnit Value="0"/>
      <IconPath Value="./"/>
      <TargetFileExt Value=""/>
      <Title Value="Double Commander"/>
      <ActiveEditorIndexAtStart Value="1"/>
    </General>
    <PublishOptions>
      <Version Value="2"/>
      <DestinationDirectory Value="\mnt\X\linux\sccmd\scfpc\"/>
      <IgnoreBinaries Value="False"/>
      <IncludeFileFilter Value="*.(pas|pp|inc|lfm|lpr|lrs|lpi|lpk|sh|xml)"/>
      <UseExcludeFileFilter Value="True"/>
      <ExcludeFileFilter Value="*.(bak|ppu|ppw|o|so);*~;backup"/>
    </PublishOptions>
    <RunParams>
      <local>
        <FormatVersion Value="1"/>
        <LaunchingApplication PathPlusParams="\usr\X11R6\bin\xterm -T 'Lazarus Run Output' -e $(LazarusDir)\tools\runwait.sh $(TargetCmdLine)"/>
      </local>
    </RunParams>
    <RequiredPackages Count="5">
      <Item1>
        <PackageName Value="viewerpackage"/>
      </Item1>
      <Item2>
        <PackageName Value="SynEdit"/>
        <MinVersion Major="1" Valid="True"/>
      </Item2>
      <Item3>
        <PackageName Value="LCL"/>
        <MinVersion Major="1" Valid="True"/>
      </Item3>
      <Item4>
        <PackageName Value="KASComp"/>
        <MinVersion Major="1" Release="1" Build="1" Valid="True"/>
      </Item4>
      <Item5>
        <PackageName Value="JPEGForLazarus"/>
      </Item5>
    </RequiredPackages>
    <Units Count="6">
      <Unit0>
        <Filename Value="doublecmd.lpr"/>
        <IsPartOfProject Value="True"/>
        <UnitName Value="doublecmd"/>
        <CursorPos X="78" Y="72"/>
        <TopLine Value="59"/>
        <UsageCount Value="200"/>
      </Unit0>
      <Unit1>
        <Filename Value="fbtnchangedlg.pas"/>
        <ComponentName Value="OneButtonChangeDlg"/>
        <HasResources Value="True"/>
        <IsPartOfProject Value="True"/>
        <ResourceFilename Value="fbtnchangedlg.lrs"/>
        <UnitName Value="fbtnchangedlg"/>
        <CursorPos X="1" Y="11"/>
        <TopLine Value="23"/>
        <UsageCount Value="166"/>
      </Unit1>
      <Unit2>
        <Filename Value="fconfigtoolbar.pas"/>
        <ComponentName Value="ButtonChangeDlg"/>
        <HasResources Value="True"/>
        <IsPartOfProject Value="True"/>
        <ResourceFilename Value="fconfigtoolbar.lrs"/>
        <UnitName Value="fconfigtoolbar"/>
        <CursorPos X="1" Y="7"/>
        <TopLine Value="34"/>
        <UsageCount Value="166"/>
      </Unit2>
      <Unit3>
        <Filename Value="fmain.pas"/>
        <ComponentName Value="frmMain"/>
        <HasResources Value="True"/>
        <ResourceFilename Value="fMain.lrs"/>
        <UnitName Value="fMain"/>
        <CursorPos X="9" Y="5"/>
        <TopLine Value="1"/>
        <EditorIndex Value="0"/>
        <UsageCount Value="77"/>
        <Loaded Value="True"/>
      </Unit3>
      <Unit4>
        <Filename Value="uwcxprototypes.pas"/>
        <IsPartOfProject Value="True"/>
        <UnitName Value="uWCXprototypes"/>
        <CursorPos X="28" Y="8"/>
        <TopLine Value="1"/>
        <UsageCount Value="116"/>
      </Unit4>
      <Unit5>
        <Filename Value="foptions.pas"/>
        <ComponentName Value="frmOptions"/>
        <HasResources Value="True"/>
        <ResourceFilename Value="fOptions.lrs"/>
        <UnitName Value="fOptions"/>
        <CursorPos X="8" Y="123"/>
        <TopLine Value="119"/>
        <EditorIndex Value="1"/>
        <UsageCount Value="10"/>
        <Loaded Value="True"/>
      </Unit5>
    </Units>
    <JumpHistory Count="14" HistoryIndex="13">
      <Position1>
        <Filename Value="foptions.pas"/>
        <Caret Line="1" Column="1" TopLine="1"/>
      </Position1>
      <Position2>
        <Filename Value="foptions.pas"/>
        <Caret Line="25" Column="3" TopLine="12"/>
      </Position2>
      <Position3>
        <Filename Value="foptions.pas"/>
        <Caret Line="30" Column="26" TopLine="12"/>
      </Position3>
      <Position4>
        <Filename Value="foptions.pas"/>
        <Caret Line="31" Column="26" TopLine="12"/>
      </Position4>
      <Position5>
        <Filename Value="foptions.pas"/>
        <Caret Line="32" Column="26" TopLine="12"/>
      </Position5>
      <Position6>
        <Filename Value="foptions.pas"/>
        <Caret Line="35" Column="15" TopLine="16"/>
      </Position6>
      <Position7>
        <Filename Value="foptions.pas"/>
        <Caret Line="31" Column="19" TopLine="17"/>
      </Position7>
      <Position8>
        <Filename Value="foptions.pas"/>
        <Caret Line="29" Column="22" TopLine="17"/>
      </Position8>
      <Position9>
        <Filename Value="foptions.pas"/>
        <Caret Line="30" Column="22" TopLine="17"/>
      </Position9>
      <Position10>
        <Filename Value="foptions.pas"/>
        <Caret Line="31" Column="22" TopLine="17"/>
      </Position10>
      <Position11>
        <Filename Value="foptions.pas"/>
        <Caret Line="34" Column="31" TopLine="17"/>
      </Position11>
      <Position12>
        <Filename Value="foptions.pas"/>
        <Caret Line="76" Column="5" TopLine="75"/>
      </Position12>
      <Position13>
        <Filename Value="foptions.pas"/>
        <Caret Line="34" Column="19" TopLine="34"/>
      </Position13>
      <Position14>
        <Filename Value="foptions.pas"/>
        <Caret Line="76" Column="45" TopLine="75"/>
      </Position14>
    </JumpHistory>
  </ProjectOptions>
  <CompilerOptions>
    <Version Value="5"/>
    <PathDelim Value="\"/>
    <SearchPaths>
      <SrcPath Value="$(LazarusDir)\lcl\;$(LazarusDir)\lcl\interfaces\$(LCLWidgetType)\"/>
    </SearchPaths>
    <Parsing>
      <SyntaxOptions>
        <DelphiCompat Value="True"/>
      </SyntaxOptions>
    </Parsing>
    <CodeGeneration>
      <Generate Value="Faster"/>
      <Optimizations>
        <OptimizationLevel Value="3"/>
      </Optimizations>
    </CodeGeneration>
    <Other>
      <CompilerPath Value="$(CompPath)"/>
    </Other>
  </CompilerOptions>
  <Debugging>
    <BreakPoints Count="4">
      <Item1>
        <Source Value="mnt\X\linux\lazarus\lcl\include\imglist.inc"/>
        <Line Value="435"/>
      </Item1>
      <Item2>
        <Source Value="ufilepanel.pas"/>
        <Line Value="197"/>
      </Item2>
      <Item3>
        <Source Value="ucopythread.pas"/>
        <Line Value="69"/>
      </Item3>
      <Item4>
        <Source Value="ucopythread.pas"/>
        <Line Value="42"/>
      </Item4>
    </BreakPoints>
  </Debugging>
</CONFIG>
