<?xml version="1.0"?>
<CONFIG>
  <ProjectOptions>
    <PathDelim Value="/"/>
    <Version Value="6"/>
    <General>
      <Flags>
        <MainUnitHasUsesSectionForAllUnits Value="False"/>
        <MainUnitHasCreateFormStatements Value="False"/>
        <MainUnitHasTitleStatement Value="False"/>
        <Runnable Value="False"/>
      </Flags>
      <MainUnit Value="0"/>
      <IconPath Value="./"/>
      <TargetFileExt Value=""/>
      <UseAppBundle Value="False"/>
      <ActiveEditorIndexAtStart Value="0"/>
    </General>
    <VersionInfo>
      <UseVersionInfo Value="True"/>
      <ProjectVersion Value=""/>
    </VersionInfo>
    <PublishOptions>
      <Version Value="2"/>
      <IgnoreBinaries Value="False"/>
      <IncludeFileFilter Value="*.(pas|pp|inc|lfm|lpr|lrs|lpi|lpk|sh|xml)"/>
      <ExcludeFileFilter Value="*.(bak|ppu|ppw|o|so);*~;backup"/>
    </PublishOptions>
    <RunParams>
      <local>
        <FormatVersion Value="1"/>
        <LaunchingApplication PathPlusParams="/usr/X11R6/bin/xterm -T 'Lazarus Run Output' -e $(LazarusDir)/tools/runwait.sh $(TargetCmdLine)"/>
      </local>
    </RunParams>
    <RequiredPackages Count="1">
      <Item1>
        <PackageName Value="LCL"/>
      </Item1>
    </RequiredPackages>
    <Units Count="10">
      <Unit0>
        <Filename Value="chsdet.lpr"/>
        <IsPartOfProject Value="True"/>
        <UnitName Value="chsdet"/>
        <CursorPos X="9" Y="38"/>
        <TopLine Value="1"/>
        <EditorIndex Value="0"/>
        <UsageCount Value="20"/>
        <Loaded Value="True"/>
      </Unit0>
      <Unit1>
        <Filename Value=""/>
        <UsageCount Value="10"/>
      </Unit1>
      <Unit2>
        <Filename Value="nsSBCharSetProber.pas"/>
        <UnitName Value="nsSBCharSetProber"/>
        <CursorPos X="1" Y="24"/>
        <TopLine Value="12"/>
        <EditorIndex Value="2"/>
        <UsageCount Value="10"/>
        <Loaded Value="True"/>
      </Unit2>
      <Unit3>
        <Filename Value="sbseq/LangHebrewModel.pas"/>
        <IsPartOfProject Value="True"/>
        <UsageCount Value="20"/>
        <SyntaxHighlighter Value="Text"/>
      </Unit3>
      <Unit4>
        <Filename Value="sbseq/LangBulgarianModel.pas"/>
        <IsPartOfProject Value="True"/>
        <UsageCount Value="20"/>
        <SyntaxHighlighter Value="Text"/>
      </Unit4>
      <Unit5>
        <Filename Value="sbseq/LangCyrillicModel.pas"/>
        <IsPartOfProject Value="True"/>
        <UsageCount Value="20"/>
        <SyntaxHighlighter Value="Text"/>
      </Unit5>
      <Unit6>
        <Filename Value="sbseq/LangGreekModel.pas"/>
        <IsPartOfProject Value="True"/>
        <UsageCount Value="20"/>
        <SyntaxHighlighter Value="Text"/>
      </Unit6>
      <Unit7>
        <Filename Value="chsdIntf.pas"/>
        <UnitName Value="chsdIntf"/>
        <CursorPos X="13" Y="31"/>
        <TopLine Value="9"/>
        <EditorIndex Value="1"/>
        <UsageCount Value="10"/>
        <Loaded Value="True"/>
      </Unit7>
      <Unit8>
        <Filename Value="nsCore.pas"/>
        <UnitName Value="nsCore"/>
        <CursorPos X="1" Y="1"/>
        <TopLine Value="17"/>
        <UsageCount Value="10"/>
      </Unit8>
      <Unit9>
        <Filename Value="dbg.inc"/>
        <CursorPos X="1" Y="1"/>
        <TopLine Value="1"/>
        <UsageCount Value="10"/>
      </Unit9>
    </Units>
    <JumpHistory Count="6" HistoryIndex="5">
      <Position1>
        <Filename Value="nsSBCharSetProber.pas"/>
        <Caret Line="46" Column="19" TopLine="24"/>
      </Position1>
      <Position2>
        <Filename Value="nsSBCharSetProber.pas"/>
        <Caret Line="28" Column="10" TopLine="12"/>
      </Position2>
      <Position3>
        <Filename Value="nsSBCharSetProber.pas"/>
        <Caret Line="24" Column="1" TopLine="24"/>
      </Position3>
      <Position4>
        <Filename Value="nsSBCharSetProber.pas"/>
        <Caret Line="46" Column="19" TopLine="24"/>
      </Position4>
      <Position5>
        <Filename Value="chsdet.lpr"/>
        <Caret Line="35" Column="17" TopLine="1"/>
      </Position5>
      <Position6>
        <Filename Value="chsdet.lpr"/>
        <Caret Line="32" Column="12" TopLine="1"/>
      </Position6>
    </JumpHistory>
  </ProjectOptions>
  <CompilerOptions>
    <Version Value="5"/>
    <SearchPaths>
      <UnitOutputDirectory Value="/home/yan/chsdet/dcu"/>
    </SearchPaths>
    <Parsing>
      <SyntaxOptions>
        <DelphiCompat Value="True"/>
      </SyntaxOptions>
    </Parsing>
    <CodeGeneration>
      <SmartLinkUnit Value="True"/>
      <Generate Value="Faster"/>
      <TargetProcessor Value="3"/>
      <TargetCPU Value="i386"/>
      <TargetOS Value="Linux"/>
    </CodeGeneration>
    <Linking>
      <LinkSmart Value="True"/>
    </Linking>
    <Other>
      <CompilerPath Value="$(CompPath)"/>
    </Other>
  </CompilerOptions>
  <Debugging>
    <Exceptions Count="2">
      <Item1>
        <Name Value="ECodetoolError"/>
      </Item1>
      <Item2>
        <Name Value="EFOpenError"/>
      </Item2>
    </Exceptions>
  </Debugging>
</CONFIG>
