<?xml version="1.0"?>
<CONFIG>
  <ProjectOptions>
    <PathDelim Value="\"/>
    <Version Value="6"/>
    <General>
      <MainUnit Value="0"/>
      <IconPath Value=".\"/>
      <TargetFileExt Value=""/>
      <ActiveEditorIndexAtStart Value="3"/>
    </General>
    <VersionInfo>
      <ProjectVersion Value=""/>
      <Language Value=""/>
      <CharSet Value=""/>
    </VersionInfo>
    <PublishOptions>
      <Version Value="2"/>
      <DestinationDirectory Value="$(TestDir)\publishedproject\"/>
      <IgnoreBinaries Value="False"/>
      <IncludeFileFilter Value="*.(pas|pp|inc|lfm|lpr|lrs|lpi|lpk|sh|xml)"/>
      <ExcludeFileFilter Value="*.(bak|ppu|ppw|o|so);*~;backup"/>
    </PublishOptions>
    <RunParams>
      <local>
        <FormatVersion Value="1"/>
        <LaunchingApplication PathPlusParams="\usr\X11R6\bin\xterm -T 'Lazarus Run Output' -e $(LazarusDir)\tools\runwait.sh $(TargetCmdLine)"/>
      </local>
    </RunParams>
    <RequiredPackages Count="1">
      <Item1>
        <PackageName Value="LCL"/>
      </Item1>
    </RequiredPackages>
    <Units Count="8">
      <Unit0>
        <Filename Value="rpm_wdx.dpr"/>
        <IsPartOfProject Value="True"/>
        <CursorPos X="6" Y="20"/>
        <TopLine Value="1"/>
        <EditorIndex Value="0"/>
        <UsageCount Value="20"/>
        <Loaded Value="True"/>
      </Unit0>
      <Unit1>
        <Filename Value="rpm_io.pas"/>
        <IsPartOfProject Value="True"/>
        <UnitName Value="rpm_io"/>
        <CursorPos X="1" Y="1"/>
        <TopLine Value="1"/>
        <EditorIndex Value="4"/>
        <UsageCount Value="20"/>
        <Loaded Value="True"/>
      </Unit1>
      <Unit2>
        <Filename Value="rpm_wdx_intf.pas"/>
        <IsPartOfProject Value="True"/>
        <UnitName Value="rpm_wdx_intf"/>
        <CursorPos X="35" Y="14"/>
        <TopLine Value="1"/>
        <EditorIndex Value="2"/>
        <UsageCount Value="20"/>
        <Loaded Value="True"/>
      </Unit2>
      <Unit3>
        <Filename Value="rpm_def.pas"/>
        <IsPartOfProject Value="True"/>
        <UnitName Value="rpm_def"/>
        <CursorPos X="13" Y="12"/>
        <TopLine Value="1"/>
        <EditorIndex Value="1"/>
        <UsageCount Value="20"/>
        <Loaded Value="True"/>
      </Unit3>
      <Unit4>
        <Filename Value="contplug.pas"/>
        <UnitName Value="contplug"/>
        <CursorPos X="1" Y="1"/>
        <TopLine Value="1"/>
        <UsageCount Value="10"/>
      </Unit4>
      <Unit5>
        <Filename Value="ucontplugin.pas"/>
        <UnitName Value="ucontplugin"/>
        <CursorPos X="15" Y="5"/>
        <TopLine Value="1"/>
        <EditorIndex Value="3"/>
        <UsageCount Value="10"/>
        <Loaded Value="True"/>
      </Unit5>
      <Unit6>
        <Filename Value="uOSUtils.pas"/>
        <UnitName Value="uOSUtils"/>
        <CursorPos X="1" Y="35"/>
        <TopLine Value="8"/>
        <UsageCount Value="10"/>
      </Unit6>
      <Unit7>
        <Filename Value="ufindex.pas"/>
        <UnitName Value="ufindex"/>
        <CursorPos X="5" Y="44"/>
        <TopLine Value="29"/>
        <UsageCount Value="10"/>
      </Unit7>
    </Units>
    <JumpHistory Count="0" HistoryIndex="-1"/>
  </ProjectOptions>
  <CompilerOptions>
    <Version Value="5"/>
	   <SearchPaths>
         <UnitOutputDirectory Value="..\lib"/>
       </SearchPaths>
    <PathDelim Value="\"/>
    <Parsing>
      <SyntaxOptions>
        <DelphiCompat Value="True"/>
      </SyntaxOptions>
    </Parsing>
    <CodeGeneration>
      <Generate Value="Faster"/>
    </CodeGeneration>
    <Linking>
      <LinkSmart Value="True"/>
      <Options>
        <ExecutableType Value="Library"/>
      </Options>
    </Linking>
    <Other>
      <ConfigFile>
        <CustomConfigFile Value="True"/>
        <ConfigFilePath Value="fpc-extra.cfg"/>
      </ConfigFile>
      <CompilerPath Value="$(CompPath)"/>
    </Other>
  </CompilerOptions>
  <Debugging>
    <Watches Count="1">
      <Item1>
        <Expression Value="CurrFileName"/>
      </Item1>
    </Watches>
  </Debugging>
</CONFIG>
