<?xml version="1.0"?>
<CONFIG>
  <ProjectOptions>
    <PathDelim Value="\"/>
    <Version Value="6"/>
    <General>
      <MainUnit Value="0"/>
      <IconPath Value=".\"/>
      <TargetFileExt Value=""/>
      <ActiveEditorIndexAtStart Value="0"/>
    </General>
    <VersionInfo>
      <ProjectVersion Value=""/>
      <Language Value=""/>
      <CharSet Value=""/>
    </VersionInfo>
    <PublishOptions>
      <Version Value="2"/>
      <DestinationDirectory Value="$(TestDir)\publishedproject\"/>
      <IgnoreBinaries Value="False"/>
      <IncludeFileFilter Value="*.(pas|pp|inc|lfm|lpr|lrs|lpi|lpk|sh|xml)"/>
      <ExcludeFileFilter Value="*.(bak|ppu|ppw|o|so);*~;backup"/>
    </PublishOptions>
    <RunParams>
      <local>
        <FormatVersion Value="1"/>
        <LaunchingApplication PathPlusParams="/usr/X11R6/bin/xterm -T 'Lazarus Run Output' -e $(LazarusDir)/tools/runwait.sh $(TargetCmdLine)"/>
      </local>
    </RunParams>
    <Units Count="2">
      <Unit0>
        <Filename Value="wlxMplayer.lpr"/>
        <IsPartOfProject Value="True"/>
        <UnitName Value="wlxMplayer"/>
        <CursorPos X="15" Y="30"/>
        <TopLine Value="25"/>
        <EditorIndex Value="0"/>
        <UsageCount Value="25"/>
        <Loaded Value="True"/>
      </Unit0>
      <Unit1>
        <Filename Value="wlxplugin.pas"/>
        <UnitName Value="WLXPlugin"/>
        <CursorPos X="53" Y="27"/>
        <TopLine Value="9"/>
        <EditorIndex Value="1"/>
        <UsageCount Value="12"/>
        <Loaded Value="True"/>
      </Unit1>
    </Units>
    <JumpHistory Count="0" HistoryIndex="-1"/>
  </ProjectOptions>
  <CompilerOptions>
    <Version Value="5"/>
    <PathDelim Value="\"/>
    <SearchPaths>
      <OtherUnitFiles Value="$(LazarusDir)\lcl\units\$(TargetCPU)-$(TargetOS)\$(LCLWidgetType)\"/>
      <LCLWidgetType Value="qt"/>
      <UnitOutputDirectory Value="../lib"/>
    </SearchPaths>
    <CodeGeneration>
      <Generate Value="Faster"/>
    </CodeGeneration>
    <Linking>
      <LinkSmart Value="True"/>
      <Options>
        <ExecutableType Value="Library"/>
      </Options>
    </Linking>
    <Other>
      <ConfigFile>
        <CustomConfigFile Value="True"/>
        <ConfigFilePath Value="fpc-extra.cfg"/>
      </ConfigFile>
      <CompilerPath Value="$(CompPath)"/>
    </Other>
  </CompilerOptions>
</CONFIG>
