<?xml version="1.0" encoding="UTF-8"?>
<CONFIG>
  <ProjectOptions>
    <Version Value="12"/>
    <General>
      <Flags>
        <MainUnitHasCreateFormStatements Value="False"/>
        <MainUnitHasTitleStatement Value="False"/>
        <MainUnitHasScaledStatement Value="False"/>
      </Flags>
      <SessionStorage Value="InProjectDir"/>
      <Title Value="MacCloud"/>
      <UseAppBundle Value="False"/>
      <ResourceType Value="res"/>
    </General>
    <i18n>
      <EnableI18N Value="True" LFM="False"/>
      <OutDir Value="../language"/>
    </i18n>
    <BuildModes>
      <Item Name="Default" Default="True"/>
    </BuildModes>
    <PublishOptions>
      <Version Value="2"/>
      <UseFileFilters Value="True"/>
    </PublishOptions>
    <RunParams>
      <FormatVersion Value="2"/>
    </RunParams>
    <Units>
      <Unit>
        <Filename Value="MacCloud.lpr"/>
        <IsPartOfProject Value="True"/>
      </Unit>
      <Unit>
        <Filename Value="util/uminicocoa.pas"/>
        <IsPartOfProject Value="True"/>
        <UnitName Value="uMiniCocoa"/>
      </Unit>
      <Unit>
        <Filename Value="util/uminiutil.pas"/>
        <IsPartOfProject Value="True"/>
        <UnitName Value="uMiniUtil"/>
      </Unit>
      <Unit>
        <Filename Value="drivers/root/ucloudrootdriver.pas"/>
        <IsPartOfProject Value="True"/>
        <UnitName Value="uCloudRootDriver"/>
      </Unit>
      <Unit>
        <Filename Value="drivers/uclouddriver.pas"/>
        <IsPartOfProject Value="True"/>
        <UnitName Value="uCloudDriver"/>
      </Unit>
      <Unit>
        <Filename Value="drivers/aws/uawsauth.pas"/>
        <IsPartOfProject Value="True"/>
        <UnitName Value="uAWSAuth"/>
      </Unit>
      <Unit>
        <Filename Value="drivers/aws/uawscore.pas"/>
        <IsPartOfProject Value="True"/>
        <UnitName Value="uAWSCore"/>
      </Unit>
      <Unit>
        <Filename Value="drivers/aws/us3client.pas"/>
        <IsPartOfProject Value="True"/>
        <UnitName Value="uS3Client"/>
      </Unit>
      <Unit>
        <Filename Value="drivers/aws/aliyunoss/ualiyunossclient.pas"/>
        <IsPartOfProject Value="True"/>
        <UnitName Value="uAliyunOSSClient"/>
      </Unit>
      <Unit>
        <Filename Value="util/uminihttpclient.pas"/>
        <IsPartOfProject Value="True"/>
        <UnitName Value="uMiniHttpClient"/>
      </Unit>
      <Unit>
        <Filename Value="drivers/oauth2/box/uboxclient.pas"/>
        <IsPartOfProject Value="True"/>
        <UnitName Value="uBoxClient"/>
      </Unit>
      <Unit>
        <Filename Value="drivers/oauth2/box/uboxclientutil.pas"/>
        <IsPartOfProject Value="True"/>
        <UnitName Value="uBoxClientUtil"/>
      </Unit>
      <Unit>
        <Filename Value="drivers/oauth2/dropbox/udropboxclient.pas"/>
        <IsPartOfProject Value="True"/>
        <UnitName Value="uDropBoxClient"/>
      </Unit>
      <Unit>
        <Filename Value="drivers/oauth2/onedrive/uonedriveclient.pas"/>
        <IsPartOfProject Value="True"/>
        <UnitName Value="uOneDriveClient"/>
      </Unit>
      <Unit>
        <Filename Value="drivers/oauth2/yandex/uyandexclient.pas"/>
        <IsPartOfProject Value="True"/>
        <UnitName Value="uYandexClient"/>
      </Unit>
      <Unit>
        <Filename Value="wfx/ui/uwfxoptionswindow.pas"/>
        <IsPartOfProject Value="True"/>
        <UnitName Value="uWFXOptionsWindow"/>
      </Unit>
      <Unit>
        <Filename Value="wfx/uwfxconfig.pas"/>
        <IsPartOfProject Value="True"/>
        <UnitName Value="uWFXConfig"/>
      </Unit>
      <Unit>
        <Filename Value="wfx/uwfxfunc.pas"/>
        <IsPartOfProject Value="True"/>
        <UnitName Value="uWFXFunc"/>
      </Unit>
      <Unit>
        <Filename Value="wfx/uwfxplugin.pas"/>
        <IsPartOfProject Value="True"/>
        <UnitName Value="uWFXPlugin"/>
      </Unit>
      <Unit>
        <Filename Value="wfx/uwfxutil.pas"/>
        <IsPartOfProject Value="True"/>
        <UnitName Value="uWFXUtil"/>
      </Unit>
      <Unit>
        <Filename Value="drivers/oauth2/uoauth2core.pas"/>
        <IsPartOfProject Value="True"/>
        <UnitName Value="uOAuth2Core"/>
      </Unit>
      <Unit>
        <Filename Value="drivers/oauth2/uoauth2auth.pas"/>
        <IsPartOfProject Value="True"/>
        <UnitName Value="uOAuth2Auth"/>
      </Unit>
      <Unit>
        <Filename Value="drivers/oauth2/uoauth2client.pas"/>
        <IsPartOfProject Value="True"/>
        <UnitName Value="uOAuth2Client"/>
      </Unit>
      <Unit>
        <Filename Value="wfx/ui/uwfxoptionscore.pas"/>
        <IsPartOfProject Value="True"/>
        <UnitName Value="uWFXOptionsCore"/>
      </Unit>
      <Unit>
        <Filename Value="wfx/ui/uwfxoptionsoauth2.pas"/>
        <IsPartOfProject Value="True"/>
        <UnitName Value="uWFXOptionsOAuth2"/>
      </Unit>
      <Unit>
        <Filename Value="wfx/ui/uwfxoptionss3.pas"/>
        <IsPartOfProject Value="True"/>
        <UnitName Value="uWFXOptionsS3"/>
      </Unit>
      <Unit>
        <Filename Value="drivers/aws/tencentcos/utencentcosclient.pas"/>
        <IsPartOfProject Value="True"/>
        <UnitName Value="uTencentCOSClient"/>
      </Unit>
      <Unit>
        <Filename Value="drivers/aws/amazons3/uamazons3client.pas"/>
        <IsPartOfProject Value="True"/>
        <UnitName Value="uAmazonS3Client"/>
      </Unit>
      <Unit>
        <Filename Value="drivers/aws/s3compatible/us3compatibleclient.pas"/>
        <IsPartOfProject Value="True"/>
        <UnitName Value="uS3CompatibleClient"/>
      </Unit>
      <Unit>
        <Filename Value="drivers/aws/huaweiobs/uhuaweiobsclient.pas"/>
        <IsPartOfProject Value="True"/>
        <UnitName Value="uHuaweiOBSClient"/>
      </Unit>
      <Unit>
        <Filename Value="wfx/ui/uwfxoptionscommonrs.pas"/>
        <IsPartOfProject Value="True"/>
        <UnitName Value="uWFXOptionsCommonRS"/>
      </Unit>
      <Unit>
        <Filename Value="drivers/aws/qiniukodo/uqiniukodoclient.pas"/>
        <IsPartOfProject Value="True"/>
        <UnitName Value="uQiniuKODOClient"/>
      </Unit>
      <Unit>
        <Filename Value="drivers/aws/upyunuss/uupyunussclient.pas"/>
        <IsPartOfProject Value="True"/>
        <UnitName Value="uUpyunUSSClient"/>
      </Unit>
      <Unit>
        <Filename Value="drivers/aws/backblazeb2/ubackblazeb2client.pas"/>
        <IsPartOfProject Value="True"/>
        <UnitName Value="uBackBlazeB2Client"/>
      </Unit>
    </Units>
  </ProjectOptions>
  <CompilerOptions>
    <Version Value="11"/>
    <Target>
      <Filename Value="../MacCloud.wfx" ApplyConventions="False"/>
    </Target>
    <SearchPaths>
      <IncludeFiles Value="$(ProjOutDir)"/>
      <OtherUnitFiles Value="../../../../sdk;util;drivers/root;drivers;drivers/aws;drivers/aws/aliyunoss;drivers/oauth2/box;drivers/oauth2/dropbox;drivers/oauth2/onedrive;drivers/oauth2/yandex;wfx/ui;wfx;drivers/oauth2;drivers/aws/tencentcos;drivers/aws/amazons3;drivers/aws/s3compatible;drivers/aws/huaweiobs;drivers/qiniukodo;drivers/aws/qiniukodo;drivers/aws/upyunuss;drivers/aws/backblazeb2"/>
      <UnitOutputDirectory Value="../lib/$(TargetCPU)-$(TargetOS)"/>
    </SearchPaths>
    <CodeGeneration>
      <SmartLinkUnit Value="True"/>
      <RelocatableUnit Value="True"/>
    </CodeGeneration>
    <Linking>
      <Debugging>
        <GenerateDebugInfo Value="False"/>
        <RunWithoutDebug Value="True"/>
      </Debugging>
      <LinkSmart Value="True"/>
      <Options>
        <ExecutableType Value="Library"/>
      </Options>
    </Linking>
  </CompilerOptions>
</CONFIG>
